// !$*UTF8*$!
{
	archiveVersion = 1;
	classes = {
	};
	objectVersion = 56;
	objects = {

/* Begin PBXBuildFile section */
		04D804572F87B22A002027AA /* StoreKit.framework in Frameworks */ = {isa = PBXBuildFile; fileRef = 04D804562F87B22A002027AA /* StoreKit.framework */; };
		04F4B42C2F7BE33200B17812 /* bbbApp.swift in Sources */ = {isa = PBXBuildFile; fileRef = 04F4B42B2F7BE33200B17812 /* bbbApp.swift */; };
		04F4B42E2F7BE33200B17812 /* ContentView.swift in Sources */ = {isa = PBXBuildFile; fileRef = 04F4B42D2F7BE33200B17812 /* ContentView.swift */; };
		04F4B4302F7BE33800B17812 /* Assets.xcassets in Resources */ = {isa = PBXBuildFile; fileRef = 04F4B42F2F7BE33800B17812 /* Assets.xcassets */; };
		04F4B4332F7BE33800B17812 /* Preview Assets.xcassets in Resources */ = {isa = PBXBuildFile; fileRef = 04F4B4322F7BE33800B17812 /* Preview Assets.xcassets */; };
		04F4B43D2F7BE33900B17812 /* bbbTests.swift in Sources */ = {isa = PBXBuildFile; fileRef = 04F4B43C2F7BE33900B17812 /* bbbTests.swift */; };
		04F4B4472F7BE33900B17812 /* bbbUITests.swift in Sources */ = {isa = PBXBuildFile; fileRef = 04F4B4462F7BE33900B17812 /* bbbUITests.swift */; };
		04F4B4492F7BE33900B17812 /* bbbUITestsLaunchTests.swift in Sources */ = {isa = PBXBuildFile; fileRef = 04F4B4482F7BE33900B17812 /* bbbUITestsLaunchTests.swift */; };
		04F4B4852F7BE33200B17812 /* AppTheme.swift in Sources */ = {isa = PBXBuildFile; fileRef = 04F4B4802F7BE33200B17812 /* AppTheme.swift */; };
		04F4B4862F7BE33200B17812 /* MainTabView.swift in Sources */ = {isa = PBXBuildFile; fileRef = 04F4B4812F7BE33200B17812 /* MainTabView.swift */; };
		04F4B4862F7CBA7500B17812 /* RechargeRepositoryProtocol.swift in Sources */ = {isa = PBXBuildFile; fileRef = 04F4B4572F7CBA7400B17812 /* RechargeRepositoryProtocol.swift */; };
		04F4B4872F7BE33200B17812 /* HomeView.swift in Sources */ = {isa = PBXBuildFile; fileRef = 04F4B4822F7BE33200B17812 /* HomeView.swift */; };
		04F4B4872F7CBA7500B17812 /* AuthRepositoryProtocol.swift in Sources */ = {isa = PBXBuildFile; fileRef = 04F4B4582F7CBA7400B17812 /* AuthRepositoryProtocol.swift */; };
		04F4B4882F7BE33200B17812 /* RechargeView.swift in Sources */ = {isa = PBXBuildFile; fileRef = 04F4B4832F7BE33200B17812 /* RechargeView.swift */; };
		04F4B4882F7CBA7500B17812 /* TemplateRepositoryProtocol.swift in Sources */ = {isa = PBXBuildFile; fileRef = 04F4B4592F7CBA7400B17812 /* TemplateRepositoryProtocol.swift */; };
		04F4B4892F7BE33200B17812 /* MyProfileView.swift in Sources */ = {isa = PBXBuildFile; fileRef = 04F4B4842F7BE33200B17812 /* MyProfileView.swift */; };
		04F4B4892F7CBA7500B17812 /* BehaviorEventQueue.swift in Sources */ = {isa = PBXBuildFile; fileRef = 04F4B45B2F7CBA7400B17812 /* BehaviorEventQueue.swift */; };
		04F4B48A2F7CBA7500B17812 /* IPLocationManager.swift in Sources */ = {isa = PBXBuildFile; fileRef = 04F4B45C2F7CBA7400B17812 /* IPLocationManager.swift */; };
		04F4B48B2F7CBA7500B17812 /* IAPManager.swift in Sources */ = {isa = PBXBuildFile; fileRef = 04F4B45D2F7CBA7400B17812 /* IAPManager.swift */; };
		04F4B48C2F7CBA7500B17812 /* TaskPollingService.swift in Sources */ = {isa = PBXBuildFile; fileRef = 04F4B45E2F7CBA7400B17812 /* TaskPollingService.swift */; };
		04F4B48D2F7CBA7500B17812 /* PhotoValidationService.swift in Sources */ = {isa = PBXBuildFile; fileRef = 04F4B45F2F7CBA7400B17812 /* PhotoValidationService.swift */; };
		04F4B48E2F7CBA7500B17812 /* IAPOrderMapping.swift in Sources */ = {isa = PBXBuildFile; fileRef = 04F4B4602F7CBA7400B17812 /* IAPOrderMapping.swift */; };
		04F4B48F2F7CBA7500B17812 /* AFService.swift in Sources */ = {isa = PBXBuildFile; fileRef = 04F4B4612F7CBA7400B17812 /* AFService.swift */; };
		04F4B4902F7CBA7500B17812 /* PayChannelManager.swift in Sources */ = {isa = PBXBuildFile; fileRef = 04F4B4622F7CBA7400B17812 /* PayChannelManager.swift */; };
		04F4B4912F7CBA7500B17812 /* PackageManager.swift in Sources */ = {isa = PBXBuildFile; fileRef = 04F4B4632F7CBA7400B17812 /* PackageManager.swift */; };
		04F4B4922F7CBA7500B17812 /* WebSocketService.swift in Sources */ = {isa = PBXBuildFile; fileRef = 04F4B4642F7CBA7400B17812 /* WebSocketService.swift */; };
		04F4B4932F7CBA7500B17812 /* PaymentCardManager.swift in Sources */ = {isa = PBXBuildFile; fileRef = 04F4B4652F7CBA7400B17812 /* PaymentCardManager.swift */; };
		04F4B4942F7CBA7500B17812 /* TemplateModels.swift in Sources */ = {isa = PBXBuildFile; fileRef = 04F4B4672F7CBA7400B17812 /* TemplateModels.swift */; };
		04F4B4952F7CBA7500B17812 /* RechargeModels.swift in Sources */ = {isa = PBXBuildFile; fileRef = 04F4B4682F7CBA7400B17812 /* RechargeModels.swift */; };
		04F4B4962F7CBA7500B17812 /* FeedbackModels.swift in Sources */ = {isa = PBXBuildFile; fileRef = 04F4B4692F7CBA7400B17812 /* FeedbackModels.swift */; };
		04F4B4972F7BE33200B17812 /* ProfileFeatureViews.swift in Sources */ = {isa = PBXBuildFile; fileRef = 04F4B4942F7BE33200B17812 /* ProfileFeatureViews.swift */; };
		04F4B4972F7CBA7500B17812 /* AuthModels.swift in Sources */ = {isa = PBXBuildFile; fileRef = 04F4B46A2F7CBA7400B17812 /* AuthModels.swift */; };
		04F4B4982F7BE33200B17812 /* LegalAndSupportViews.swift in Sources */ = {isa = PBXBuildFile; fileRef = 04F4B4952F7BE33200B17812 /* LegalAndSupportViews.swift */; };
		04F4B4982F7CBA7500B17812 /* FeedbackAPI.swift in Sources */ = {isa = PBXBuildFile; fileRef = 04F4B46D2F7CBA7500B17812 /* FeedbackAPI.swift */; };
		04F4B4992F7BE33200B17812 /* ProfileRoute.swift in Sources */ = {isa = PBXBuildFile; fileRef = 04F4B4962F7BE33200B17812 /* ProfileRoute.swift */; };
		04F4B4992F7CBA7500B17812 /* StatisticsAPI.swift in Sources */ = {isa = PBXBuildFile; fileRef = 04F4B46E2F7CBA7500B17812 /* StatisticsAPI.swift */; };
		04F4B49A2F7CBA7500B17812 /* UserAPI.swift in Sources */ = {isa = PBXBuildFile; fileRef = 04F4B46F2F7CBA7500B17812 /* UserAPI.swift */; };
		04F4B49B2F7CBA7500B17812 /* ResBaseURL.swift in Sources */ = {isa = PBXBuildFile; fileRef = 04F4B4702F7CBA7500B17812 /* ResBaseURL.swift */; };
		04F4B49C2F7CBA7500B17812 /* APIClient.swift in Sources */ = {isa = PBXBuildFile; fileRef = 04F4B4712F7CBA7500B17812 /* APIClient.swift */; };
		04F4B49D2F7CBA7500B17812 /* APIBaseURL.swift in Sources */ = {isa = PBXBuildFile; fileRef = 04F4B4722F7CBA7500B17812 /* APIBaseURL.swift */; };
		04F4B49E2F7CBA7500B17812 /* AuthAPI.swift in Sources */ = {isa = PBXBuildFile; fileRef = 04F4B4732F7CBA7500B17812 /* AuthAPI.swift */; };
		04F4B49F2F7CBA7500B17812 /* TemplateAPI.swift in Sources */ = {isa = PBXBuildFile; fileRef = 04F4B4742F7CBA7500B17812 /* TemplateAPI.swift */; };
		04F4B4A02F7CBA7500B17812 /* TaskAPI.swift in Sources */ = {isa = PBXBuildFile; fileRef = 04F4B4752F7CBA7500B17812 /* TaskAPI.swift */; };
		04F4B4A12F7CBA7500B17812 /* RechargeAPI.swift in Sources */ = {isa = PBXBuildFile; fileRef = 04F4B4762F7CBA7500B17812 /* RechargeAPI.swift */; };
		04F4B4A22F7CBA7500B17812 /* UploadAPI.swift in Sources */ = {isa = PBXBuildFile; fileRef = 04F4B4772F7CBA7500B17812 /* UploadAPI.swift */; };
		04F4B4A32F7CBA7500B17812 /* UploadRepository.swift in Sources */ = {isa = PBXBuildFile; fileRef = 04F4B4792F7CBA7500B17812 /* UploadRepository.swift */; };
		04F4B4A42F7BE33200B17812 /* HomeModels.swift in Sources */ = {isa = PBXBuildFile; fileRef = 04F4B4A02F7BE33200B17812 /* HomeModels.swift */; };
		04F4B4A42F7CBA7500B17812 /* AuthRepository.swift in Sources */ = {isa = PBXBuildFile; fileRef = 04F4B47A2F7CBA7500B17812 /* AuthRepository.swift */; };
		04F4B4A52F7BE33200B17812 /* HomeImmersiveFeedView.swift in Sources */ = {isa = PBXBuildFile; fileRef = 04F4B4A12F7BE33200B17812 /* HomeImmersiveFeedView.swift */; };
		04F4B4A52F7CBA7500B17812 /* RechargeRepository.swift in Sources */ = {isa = PBXBuildFile; fileRef = 04F4B47B2F7CBA7500B17812 /* RechargeRepository.swift */; };
		04F4B4A62F7BE33200B17812 /* HomeGridFeedView.swift in Sources */ = {isa = PBXBuildFile; fileRef = 04F4B4A22F7BE33200B17812 /* HomeGridFeedView.swift */; };
		04F4B4A62F7CBA7500B17812 /* TemplateRepository.swift in Sources */ = {isa = PBXBuildFile; fileRef = 04F4B47C2F7CBA7500B17812 /* TemplateRepository.swift */; };
		04F4B4A72F7BE33200B17812 /* HomeChrome.swift in Sources */ = {isa = PBXBuildFile; fileRef = 04F4B4A32F7BE33200B17812 /* HomeChrome.swift */; };
		04F4B4A72F7CBA7500B17812 /* RedirectPaymentInfoStore.swift in Sources */ = {isa = PBXBuildFile; fileRef = 04F4B47E2F7CBA7500B17812 /* RedirectPaymentInfoStore.swift */; };
		04F4B4A82F7CBA7500B17812 /* ImageCacheManager.swift in Sources */ = {isa = PBXBuildFile; fileRef = 04F4B47F2F7CBA7500B17812 /* ImageCacheManager.swift */; };
		04F4B4A92F7CBA7500B17812 /* KeychainManager.swift in Sources */ = {isa = PBXBuildFile; fileRef = 04F4B4802F7CBA7500B17812 /* KeychainManager.swift */; };
		04F4B4AA2F7CBA7500B17812 /* VideoCacheManager.swift in Sources */ = {isa = PBXBuildFile; fileRef = 04F4B4812F7CBA7500B17812 /* VideoCacheManager.swift */; };
		04F4B4AB2F7CBA7500B17812 /* TemplateDataCacheManager.swift in Sources */ = {isa = PBXBuildFile; fileRef = 04F4B4822F7CBA7500B17812 /* TemplateDataCacheManager.swift */; };
		04F4B4AC2F7CBA7500B17812 /* UserDefaultsManager.swift in Sources */ = {isa = PBXBuildFile; fileRef = 04F4B4832F7CBA7500B17812 /* UserDefaultsManager.swift */; };
		04F4B4AD2F7CBA7500B17812 /* RechargeDataCacheManager.swift in Sources */ = {isa = PBXBuildFile; fileRef = 04F4B4842F7CBA7500B17812 /* RechargeDataCacheManager.swift */; };
		04F4B4AE2F7CBA7500B17812 /* PoorGenerationFeedbackStore.swift in Sources */ = {isa = PBXBuildFile; fileRef = 04F4B4852F7CBA7500B17812 /* PoorGenerationFeedbackStore.swift */; };
		04F4B4BF2F7BE33200B17812 /* HomeCachedImage.swift in Sources */ = {isa = PBXBuildFile; fileRef = 04F4B4BE2F7BE33200B17812 /* HomeCachedImage.swift */; };
		04F4B4C42F7BE33200B17812 /* RechargeUIModels.swift in Sources */ = {isa = PBXBuildFile; fileRef = 04F4B4C02F7BE33200B17812 /* RechargeUIModels.swift */; };
		04F4B4C52F7BE33200B17812 /* RechargePaymentSelectionView.swift in Sources */ = {isa = PBXBuildFile; fileRef = 04F4B4C12F7BE33200B17812 /* RechargePaymentSelectionView.swift */; };
		04F4B4C62F7BE33200B17812 /* RechargeRecordListView.swift in Sources */ = {isa = PBXBuildFile; fileRef = 04F4B4C22F7BE33200B17812 /* RechargeRecordListView.swift */; };
		04F4B4C72F7BE33200B17812 /* RechargeResultOverlay.swift in Sources */ = {isa = PBXBuildFile; fileRef = 04F4B4C32F7BE33200B17812 /* RechargeResultOverlay.swift */; };
		04F4B4D42F7BE33200B17812 /* HomeImmersiveVideoBackdrop.swift in Sources */ = {isa = PBXBuildFile; fileRef = 04F4B4D32F7BE33200B17812 /* HomeImmersiveVideoBackdrop.swift */; };
		04F4B4E22F7BE33200B17812 /* AddPaymentCardView.swift in Sources */ = {isa = PBXBuildFile; fileRef = 04F4B4E02F7BE33200B17812 /* AddPaymentCardView.swift */; };
		04F4B4E32F7BE33200B17812 /* CreditCardManagementView.swift in Sources */ = {isa = PBXBuildFile; fileRef = 04F4B4E12F7BE33200B17812 /* CreditCardManagementView.swift */; };
		04F4B4E52F7BE33200B17812 /* HomeTemplateDetailView.swift in Sources */ = {isa = PBXBuildFile; fileRef = 04F4B4E42F7BE33200B17812 /* HomeTemplateDetailView.swift */; };
		04F4B4F12F7BE33200B17812 /* UserWalletStore.swift in Sources */ = {isa = PBXBuildFile; fileRef = 04F4B4F02F7BE33200B17812 /* UserWalletStore.swift */; };
		04F4B5122F7BE33200B17812 /* AppTabRouter.swift in Sources */ = {isa = PBXBuildFile; fileRef = 04F4B5022F7BE33200B17812 /* AppTabRouter.swift */; };
		04F4B5252F7BE33200B17812 /* DeviceLoginService.swift in Sources */ = {isa = PBXBuildFile; fileRef = 04F4B5222F7BE33200B17812 /* DeviceLoginService.swift */; };
		04F4B5262F7BE33200B17812 /* AuthSessionStore.swift in Sources */ = {isa = PBXBuildFile; fileRef = 04F4B5232F7BE33200B17812 /* AuthSessionStore.swift */; };
		04F4B5272F7BE33200B17812 /* LoginView.swift in Sources */ = {isa = PBXBuildFile; fileRef = 04F4B5242F7BE33200B17812 /* LoginView.swift */; };
		04F4B52A2F7CBA7500B17812 /* AFConfigManager.swift in Sources */ = {isa = PBXBuildFile; fileRef = 04F4B5292F7CBA7500B17812 /* AFConfigManager.swift */; };
		04F4B52D2F7CBA7500B17812 /* FavoritesAPI.swift in Sources */ = {isa = PBXBuildFile; fileRef = 04F4B52C2F7CBA7500B17812 /* FavoritesAPI.swift */; };
		04F4B52E2F7CBA7500B17812 /* FavoriteModels.swift in Sources */ = {isa = PBXBuildFile; fileRef = 04F4B52B2F7CBA7400B17812 /* FavoriteModels.swift */; };
		04F4B5422F7BE33200B17812 /* AppError.swift in Sources */ = {isa = PBXBuildFile; fileRef = 04F4B53C2F7BE33200B17812 /* AppError.swift */; };
		04F4B5432F7BE33200B17812 /* TokenManager.swift in Sources */ = {isa = PBXBuildFile; fileRef = 04F4B53D2F7BE33200B17812 /* TokenManager.swift */; };
		04F4B5442F7BE33200B17812 /* AppConfig.swift in Sources */ = {isa = PBXBuildFile; fileRef = 04F4B53E2F7BE33200B17812 /* AppConfig.swift */; };
		04F4B5452F7BE33200B17812 /* DeviceManager.swift in Sources */ = {isa = PBXBuildFile; fileRef = 04F4B53F2F7BE33200B17812 /* DeviceManager.swift */; };
		04F4B5462F7BE33200B17812 /* BalanceManager.swift in Sources */ = {isa = PBXBuildFile; fileRef = 04F4B5402F7BE33200B17812 /* BalanceManager.swift */; };
		04F4B5472F7BE33200B17812 /* RechargeAFLogger.swift in Sources */ = {isa = PBXBuildFile; fileRef = 04F4B5412F7BE33200B17812 /* RechargeAFLogger.swift */; };
		04F4B5492F7BE33200B17812 /* PushManager.swift in Sources */ = {isa = PBXBuildFile; fileRef = 04F4B5482F7BE33200B17812 /* PushManager.swift */; };
		04F4B5542F7BE33200B17812 /* HomeTemplateGenerationSheet.swift in Sources */ = {isa = PBXBuildFile; fileRef = 04F4B5532F7BE33200B17812 /* HomeTemplateGenerationSheet.swift */; };
		04F4B5562F7BE33200B17812 /* HomeUploadTipsOverlay.swift in Sources */ = {isa = PBXBuildFile; fileRef = 04F4B5552F7BE33200B17812 /* HomeUploadTipsOverlay.swift */; };
		04F4B5582F7BE33200B17812 /* MyCreationsView.swift in Sources */ = {isa = PBXBuildFile; fileRef = 04F4B5572F7BE33200B17812 /* MyCreationsView.swift */; };
		04F4B55A2F7BE33200B17812 /* LocalFavoriteTemplateStore.swift in Sources */ = {isa = PBXBuildFile; fileRef = 04F4B5592F7BE33200B17812 /* LocalFavoriteTemplateStore.swift */; };
		04F4B55B2F7BE33200B17812 /* GenerationSuccessView.swift in Sources */ = {isa = PBXBuildFile; fileRef = 04F4B55C2F7BE33200B17812 /* GenerationSuccessView.swift */; };
		04F4B55E2F7BE33200B17812 /* HomeAnalytics.swift in Sources */ = {isa = PBXBuildFile; fileRef = 04F4B55D2F7BE33200B17812 /* HomeAnalytics.swift */; };
		04F4B5C02F7BE33200B17812 /* VersionConfigAPI.swift in Sources */ = {isa = PBXBuildFile; fileRef = 04F4B5C12F7BE33200B17812 /* VersionConfigAPI.swift */; };
		04F4B5C22F7BE33200B17812 /* VersionConfigStore.swift in Sources */ = {isa = PBXBuildFile; fileRef = 04F4B5C32F7BE33200B17812 /* VersionConfigStore.swift */; };
		04F4B5E12F7BE33200B17812 /* LaunchScreen.storyboard in Resources */ = {isa = PBXBuildFile; fileRef = 04F4B5E02F7BE33200B17812 /* LaunchScreen.storyboard */; };
		04F4B5E32F7BE33200B17812 /* IOS15Compat.swift in Sources */ = {isa = PBXBuildFile; fileRef = 04F4B5E22F7BE33200B17812 /* IOS15Compat.swift */; };
		04F4B5E52F7BE33200B17812 /* LegacyImagePicker.swift in Sources */ = {isa = PBXBuildFile; fileRef = 04F4B5E42F7BE33200B17812 /* LegacyImagePicker.swift */; };
		04F4B5E82F7BE33200B17812 /* AppCoinIcon.swift in Sources */ = {isa = PBXBuildFile; fileRef = 04F4B5E92F7BE33200B17812 /* AppCoinIcon.swift */; };
		04F4B5EC2F7BE33200B17812 /* WelcomeBonusOverlay.swift in Sources */ = {isa = PBXBuildFile; fileRef = 04F4B5ED2F7BE33200B17812 /* WelcomeBonusOverlay.swift */; };
		04F4B6092F7BE33200B17812 /* AppLanguageStore.swift in Sources */ = {isa = PBXBuildFile; fileRef = 04F4B6072F7BE33200B17812 /* AppLanguageStore.swift */; };
		04F4B60A2F7BE33200B17812 /* Localizable.xcstrings in Resources */ = {isa = PBXBuildFile; fileRef = 04F4B6082F7BE33200B17812 /* Localizable.xcstrings */; };
		04F4B6142F7BE33200B17812 /* HomeGenerationRechargeUpsellView.swift in Sources */ = {isa = PBXBuildFile; fileRef = 04F4B6152F7BE33200B17812 /* HomeGenerationRechargeUpsellView.swift */; };
		04F4B6202F7BE33200B17812 /* HomeLayoutTransitions.swift in Sources */ = {isa = PBXBuildFile; fileRef = 04F4B6212F7BE33200B17812 /* HomeLayoutTransitions.swift */; };
		04F4B62A2F7BE33200B17812 /* NotificationPermissionStore.swift in Sources */ = {isa = PBXBuildFile; fileRef = 04F4B6292F7BE33200B17812 /* NotificationPermissionStore.swift */; };
		04F4B62C2F7BE33200B17812 /* RemotePushRoute.swift in Sources */ = {isa = PBXBuildFile; fileRef = 04F4B62B2F7BE33200B17812 /* RemotePushRoute.swift */; };
		04F4B62E2F7BE33200B17812 /* PushRechargeOrderAttribution.swift in Sources */ = {isa = PBXBuildFile; fileRef = 04F4B62D2F7BE33200B17812 /* PushRechargeOrderAttribution.swift */; };
		04F4B6302F7BE33200B17812 /* PushMarketingSheets.swift in Sources */ = {isa = PBXBuildFile; fileRef = 04F4B62F2F7BE33200B17812 /* PushMarketingSheets.swift */; };
		04F4B63B2F7BE33200B17812 /* BBBApplicationDelegate.swift in Sources */ = {isa = PBXBuildFile; fileRef = 04F4B6392F7BE33200B17812 /* BBBApplicationDelegate.swift */; };
		04F4B63C2F7BE33200B17812 /* BBBPushNotificationCenterDelegate.swift in Sources */ = {isa = PBXBuildFile; fileRef = 04F4B63A2F7BE33200B17812 /* BBBPushNotificationCenterDelegate.swift */; };
		04F4B63E2F7BE33200B17812 /* AuthReloginHelper.swift in Sources */ = {isa = PBXBuildFile; fileRef = 04F4B63D2F7BE33200B17812 /* AuthReloginHelper.swift */; };
		04F4B6A32F7CBA7500B17812 /* UserLocaleReporter.swift in Sources */ = {isa = PBXBuildFile; fileRef = 04F4B6A22F7CBA7400B17812 /* UserLocaleReporter.swift */; };
/* End PBXBuildFile section */

/* Begin PBXContainerItemProxy section */
		04F4B4392F7BE33900B17812 /* PBXContainerItemProxy */ = {
			isa = PBXContainerItemProxy;
			containerPortal = 04F4B4202F7BE33200B17812 /* Project object */;
			proxyType = 1;
			remoteGlobalIDString = 04F4B4272F7BE33200B17812;
			remoteInfo = bbb;
		};
		04F4B4432F7BE33900B17812 /* PBXContainerItemProxy */ = {
			isa = PBXContainerItemProxy;
			containerPortal = 04F4B4202F7BE33200B17812 /* Project object */;
			proxyType = 1;
			remoteGlobalIDString = 04F4B4272F7BE33200B17812;
			remoteInfo = bbb;
		};
/* End PBXContainerItemProxy section */

/* Begin PBXFileReference section */
		04890D0B2FA3086D0044C7DE /* Info.plist */ = {isa = PBXFileReference; lastKnownFileType = text.plist; path = Info.plist; sourceTree = "<group>"; };
		04D804562F87B22A002027AA /* StoreKit.framework */ = {isa = PBXFileReference; lastKnownFileType = wrapper.framework; name = StoreKit.framework; path = System/Library/Frameworks/StoreKit.framework; sourceTree = SDKROOT; };
		04D804582F889529002027AA /* IAP.storekit */ = {isa = PBXFileReference; lastKnownFileType = text; name = IAP.storekit; path = bbb/Config/IAP.storekit; sourceTree = "<group>"; };
		04F4B4282F7BE33200B17812 /* bbb.app */ = {isa = PBXFileReference; explicitFileType = wrapper.application; includeInIndex = 0; path = bbb.app; sourceTree = BUILT_PRODUCTS_DIR; };
		04F4B42B2F7BE33200B17812 /* bbbApp.swift */ = {isa = PBXFileReference; lastKnownFileType = sourcecode.swift; path = bbbApp.swift; sourceTree = "<group>"; };
		04F4B42D2F7BE33200B17812 /* ContentView.swift */ = {isa = PBXFileReference; lastKnownFileType = sourcecode.swift; path = ContentView.swift; sourceTree = "<group>"; };
		04F4B42F2F7BE33800B17812 /* Assets.xcassets */ = {isa = PBXFileReference; lastKnownFileType = folder.assetcatalog; path = Assets.xcassets; sourceTree = "<group>"; };
		04F4B4322F7BE33800B17812 /* Preview Assets.xcassets */ = {isa = PBXFileReference; lastKnownFileType = folder.assetcatalog; path = "Preview Assets.xcassets"; sourceTree = "<group>"; };
		04F4B4382F7BE33900B17812 /* bbbTests.xctest */ = {isa = PBXFileReference; explicitFileType = wrapper.cfbundle; includeInIndex = 0; path = bbbTests.xctest; sourceTree = BUILT_PRODUCTS_DIR; };
		04F4B43C2F7BE33900B17812 /* bbbTests.swift */ = {isa = PBXFileReference; lastKnownFileType = sourcecode.swift; path = bbbTests.swift; sourceTree = "<group>"; };
		04F4B4422F7BE33900B17812 /* bbbUITests.xctest */ = {isa = PBXFileReference; explicitFileType = wrapper.cfbundle; includeInIndex = 0; path = bbbUITests.xctest; sourceTree = BUILT_PRODUCTS_DIR; };
		04F4B4462F7BE33900B17812 /* bbbUITests.swift */ = {isa = PBXFileReference; lastKnownFileType = sourcecode.swift; path = bbbUITests.swift; sourceTree = "<group>"; };
		04F4B4482F7BE33900B17812 /* bbbUITestsLaunchTests.swift */ = {isa = PBXFileReference; lastKnownFileType = sourcecode.swift; path = bbbUITestsLaunchTests.swift; sourceTree = "<group>"; };
		04F4B4572F7CBA7400B17812 /* RechargeRepositoryProtocol.swift */ = {isa = PBXFileReference; fileEncoding = 4; lastKnownFileType = sourcecode.swift; path = RechargeRepositoryProtocol.swift; sourceTree = "<group>"; };
		04F4B4582F7CBA7400B17812 /* AuthRepositoryProtocol.swift */ = {isa = PBXFileReference; fileEncoding = 4; lastKnownFileType = sourcecode.swift; path = AuthRepositoryProtocol.swift; sourceTree = "<group>"; };
		04F4B4592F7CBA7400B17812 /* TemplateRepositoryProtocol.swift */ = {isa = PBXFileReference; fileEncoding = 4; lastKnownFileType = sourcecode.swift; path = TemplateRepositoryProtocol.swift; sourceTree = "<group>"; };
		04F4B45B2F7CBA7400B17812 /* BehaviorEventQueue.swift */ = {isa = PBXFileReference; fileEncoding = 4; lastKnownFileType = sourcecode.swift; path = BehaviorEventQueue.swift; sourceTree = "<group>"; };
		04F4B45C2F7CBA7400B17812 /* IPLocationManager.swift */ = {isa = PBXFileReference; fileEncoding = 4; lastKnownFileType = sourcecode.swift; path = IPLocationManager.swift; sourceTree = "<group>"; };
		04F4B45D2F7CBA7400B17812 /* IAPManager.swift */ = {isa = PBXFileReference; fileEncoding = 4; lastKnownFileType = sourcecode.swift; path = IAPManager.swift; sourceTree = "<group>"; };
		04F4B45E2F7CBA7400B17812 /* TaskPollingService.swift */ = {isa = PBXFileReference; fileEncoding = 4; lastKnownFileType = sourcecode.swift; path = TaskPollingService.swift; sourceTree = "<group>"; };
		04F4B45F2F7CBA7400B17812 /* PhotoValidationService.swift */ = {isa = PBXFileReference; fileEncoding = 4; lastKnownFileType = sourcecode.swift; path = PhotoValidationService.swift; sourceTree = "<group>"; };
		04F4B4602F7CBA7400B17812 /* IAPOrderMapping.swift */ = {isa = PBXFileReference; fileEncoding = 4; lastKnownFileType = sourcecode.swift; path = IAPOrderMapping.swift; sourceTree = "<group>"; };
		04F4B4612F7CBA7400B17812 /* AFService.swift */ = {isa = PBXFileReference; fileEncoding = 4; lastKnownFileType = sourcecode.swift; path = AFService.swift; sourceTree = "<group>"; };
		04F4B4622F7CBA7400B17812 /* PayChannelManager.swift */ = {isa = PBXFileReference; fileEncoding = 4; lastKnownFileType = sourcecode.swift; path = PayChannelManager.swift; sourceTree = "<group>"; };
		04F4B4632F7CBA7400B17812 /* PackageManager.swift */ = {isa = PBXFileReference; fileEncoding = 4; lastKnownFileType = sourcecode.swift; path = PackageManager.swift; sourceTree = "<group>"; };
		04F4B4642F7CBA7400B17812 /* WebSocketService.swift */ = {isa = PBXFileReference; fileEncoding = 4; lastKnownFileType = sourcecode.swift; path = WebSocketService.swift; sourceTree = "<group>"; };
		04F4B4652F7CBA7400B17812 /* PaymentCardManager.swift */ = {isa = PBXFileReference; fileEncoding = 4; lastKnownFileType = sourcecode.swift; path = PaymentCardManager.swift; sourceTree = "<group>"; };
		04F4B4672F7CBA7400B17812 /* TemplateModels.swift */ = {isa = PBXFileReference; fileEncoding = 4; lastKnownFileType = sourcecode.swift; path = TemplateModels.swift; sourceTree = "<group>"; };
		04F4B4682F7CBA7400B17812 /* RechargeModels.swift */ = {isa = PBXFileReference; fileEncoding = 4; lastKnownFileType = sourcecode.swift; path = RechargeModels.swift; sourceTree = "<group>"; };
		04F4B4692F7CBA7400B17812 /* FeedbackModels.swift */ = {isa = PBXFileReference; fileEncoding = 4; lastKnownFileType = sourcecode.swift; path = FeedbackModels.swift; sourceTree = "<group>"; };
		04F4B46A2F7CBA7400B17812 /* AuthModels.swift */ = {isa = PBXFileReference; fileEncoding = 4; lastKnownFileType = sourcecode.swift; path = AuthModels.swift; sourceTree = "<group>"; };
		04F4B46D2F7CBA7500B17812 /* FeedbackAPI.swift */ = {isa = PBXFileReference; fileEncoding = 4; lastKnownFileType = sourcecode.swift; path = FeedbackAPI.swift; sourceTree = "<group>"; };
		04F4B46E2F7CBA7500B17812 /* StatisticsAPI.swift */ = {isa = PBXFileReference; fileEncoding = 4; lastKnownFileType = sourcecode.swift; path = StatisticsAPI.swift; sourceTree = "<group>"; };
		04F4B46F2F7CBA7500B17812 /* UserAPI.swift */ = {isa = PBXFileReference; fileEncoding = 4; lastKnownFileType = sourcecode.swift; path = UserAPI.swift; sourceTree = "<group>"; };
		04F4B4702F7CBA7500B17812 /* ResBaseURL.swift */ = {isa = PBXFileReference; fileEncoding = 4; lastKnownFileType = sourcecode.swift; path = ResBaseURL.swift; sourceTree = "<group>"; };
		04F4B4712F7CBA7500B17812 /* APIClient.swift */ = {isa = PBXFileReference; fileEncoding = 4; lastKnownFileType = sourcecode.swift; path = APIClient.swift; sourceTree = "<group>"; };
		04F4B4722F7CBA7500B17812 /* APIBaseURL.swift */ = {isa = PBXFileReference; fileEncoding = 4; lastKnownFileType = sourcecode.swift; path = APIBaseURL.swift; sourceTree = "<group>"; };
		04F4B4732F7CBA7500B17812 /* AuthAPI.swift */ = {isa = PBXFileReference; fileEncoding = 4; lastKnownFileType = sourcecode.swift; path = AuthAPI.swift; sourceTree = "<group>"; };
		04F4B4742F7CBA7500B17812 /* TemplateAPI.swift */ = {isa = PBXFileReference; fileEncoding = 4; lastKnownFileType = sourcecode.swift; path = TemplateAPI.swift; sourceTree = "<group>"; };
		04F4B4752F7CBA7500B17812 /* TaskAPI.swift */ = {isa = PBXFileReference; fileEncoding = 4; lastKnownFileType = sourcecode.swift; path = TaskAPI.swift; sourceTree = "<group>"; };
		04F4B4762F7CBA7500B17812 /* RechargeAPI.swift */ = {isa = PBXFileReference; fileEncoding = 4; lastKnownFileType = sourcecode.swift; path = RechargeAPI.swift; sourceTree = "<group>"; };
		04F4B4772F7CBA7500B17812 /* UploadAPI.swift */ = {isa = PBXFileReference; fileEncoding = 4; lastKnownFileType = sourcecode.swift; path = UploadAPI.swift; sourceTree = "<group>"; };
		04F4B4792F7CBA7500B17812 /* UploadRepository.swift */ = {isa = PBXFileReference; fileEncoding = 4; lastKnownFileType = sourcecode.swift; path = UploadRepository.swift; sourceTree = "<group>"; };
		04F4B47A2F7CBA7500B17812 /* AuthRepository.swift */ = {isa = PBXFileReference; fileEncoding = 4; lastKnownFileType = sourcecode.swift; path = AuthRepository.swift; sourceTree = "<group>"; };
		04F4B47B2F7CBA7500B17812 /* RechargeRepository.swift */ = {isa = PBXFileReference; fileEncoding = 4; lastKnownFileType = sourcecode.swift; path = RechargeRepository.swift; sourceTree = "<group>"; };
		04F4B47C2F7CBA7500B17812 /* TemplateRepository.swift */ = {isa = PBXFileReference; fileEncoding = 4; lastKnownFileType = sourcecode.swift; path = TemplateRepository.swift; sourceTree = "<group>"; };
		04F4B47E2F7CBA7500B17812 /* RedirectPaymentInfoStore.swift */ = {isa = PBXFileReference; fileEncoding = 4; lastKnownFileType = sourcecode.swift; path = RedirectPaymentInfoStore.swift; sourceTree = "<group>"; };
		04F4B47F2F7CBA7500B17812 /* ImageCacheManager.swift */ = {isa = PBXFileReference; fileEncoding = 4; lastKnownFileType = sourcecode.swift; path = ImageCacheManager.swift; sourceTree = "<group>"; };
		04F4B4802F7BE33200B17812 /* AppTheme.swift */ = {isa = PBXFileReference; lastKnownFileType = sourcecode.swift; path = AppTheme.swift; sourceTree = "<group>"; };
		04F4B4802F7CBA7500B17812 /* KeychainManager.swift */ = {isa = PBXFileReference; fileEncoding = 4; lastKnownFileType = sourcecode.swift; path = KeychainManager.swift; sourceTree = "<group>"; };
		04F4B4812F7BE33200B17812 /* MainTabView.swift */ = {isa = PBXFileReference; lastKnownFileType = sourcecode.swift; path = MainTabView.swift; sourceTree = "<group>"; };
		04F4B4812F7CBA7500B17812 /* VideoCacheManager.swift */ = {isa = PBXFileReference; fileEncoding = 4; lastKnownFileType = sourcecode.swift; path = VideoCacheManager.swift; sourceTree = "<group>"; };
		04F4B4822F7BE33200B17812 /* HomeView.swift */ = {isa = PBXFileReference; lastKnownFileType = sourcecode.swift; path = HomeView.swift; sourceTree = "<group>"; };
		04F4B4822F7CBA7500B17812 /* TemplateDataCacheManager.swift */ = {isa = PBXFileReference; fileEncoding = 4; lastKnownFileType = sourcecode.swift; path = TemplateDataCacheManager.swift; sourceTree = "<group>"; };
		04F4B4832F7BE33200B17812 /* RechargeView.swift */ = {isa = PBXFileReference; lastKnownFileType = sourcecode.swift; path = RechargeView.swift; sourceTree = "<group>"; };
		04F4B4832F7CBA7500B17812 /* UserDefaultsManager.swift */ = {isa = PBXFileReference; fileEncoding = 4; lastKnownFileType = sourcecode.swift; path = UserDefaultsManager.swift; sourceTree = "<group>"; };
		04F4B4842F7BE33200B17812 /* MyProfileView.swift */ = {isa = PBXFileReference; lastKnownFileType = sourcecode.swift; path = MyProfileView.swift; sourceTree = "<group>"; };
		04F4B4842F7CBA7500B17812 /* RechargeDataCacheManager.swift */ = {isa = PBXFileReference; fileEncoding = 4; lastKnownFileType = sourcecode.swift; path = RechargeDataCacheManager.swift; sourceTree = "<group>"; };
		04F4B4852F7CBA7500B17812 /* PoorGenerationFeedbackStore.swift */ = {isa = PBXFileReference; fileEncoding = 4; lastKnownFileType = sourcecode.swift; path = PoorGenerationFeedbackStore.swift; sourceTree = "<group>"; };
		04F4B4942F7BE33200B17812 /* ProfileFeatureViews.swift */ = {isa = PBXFileReference; lastKnownFileType = sourcecode.swift; path = ProfileFeatureViews.swift; sourceTree = "<group>"; };
		04F4B4952F7BE33200B17812 /* LegalAndSupportViews.swift */ = {isa = PBXFileReference; lastKnownFileType = sourcecode.swift; path = LegalAndSupportViews.swift; sourceTree = "<group>"; };
		04F4B4962F7BE33200B17812 /* ProfileRoute.swift */ = {isa = PBXFileReference; lastKnownFileType = sourcecode.swift; path = ProfileRoute.swift; sourceTree = "<group>"; };
		04F4B4A02F7BE33200B17812 /* HomeModels.swift */ = {isa = PBXFileReference; lastKnownFileType = sourcecode.swift; path = HomeModels.swift; sourceTree = "<group>"; };
		04F4B4A12F7BE33200B17812 /* HomeImmersiveFeedView.swift */ = {isa = PBXFileReference; lastKnownFileType = sourcecode.swift; path = HomeImmersiveFeedView.swift; sourceTree = "<group>"; };
		04F4B4A22F7BE33200B17812 /* HomeGridFeedView.swift */ = {isa = PBXFileReference; lastKnownFileType = sourcecode.swift; path = HomeGridFeedView.swift; sourceTree = "<group>"; };
		04F4B4A32F7BE33200B17812 /* HomeChrome.swift */ = {isa = PBXFileReference; lastKnownFileType = sourcecode.swift; path = HomeChrome.swift; sourceTree = "<group>"; };
		04F4B4BE2F7BE33200B17812 /* HomeCachedImage.swift */ = {isa = PBXFileReference; lastKnownFileType = sourcecode.swift; path = HomeCachedImage.swift; sourceTree = "<group>"; };
		04F4B4C02F7BE33200B17812 /* RechargeUIModels.swift */ = {isa = PBXFileReference; lastKnownFileType = sourcecode.swift; path = RechargeUIModels.swift; sourceTree = "<group>"; };
		04F4B4C12F7BE33200B17812 /* RechargePaymentSelectionView.swift */ = {isa = PBXFileReference; lastKnownFileType = sourcecode.swift; path = RechargePaymentSelectionView.swift; sourceTree = "<group>"; };
		04F4B4C22F7BE33200B17812 /* RechargeRecordListView.swift */ = {isa = PBXFileReference; lastKnownFileType = sourcecode.swift; path = RechargeRecordListView.swift; sourceTree = "<group>"; };
		04F4B4C32F7BE33200B17812 /* RechargeResultOverlay.swift */ = {isa = PBXFileReference; lastKnownFileType = sourcecode.swift; path = RechargeResultOverlay.swift; sourceTree = "<group>"; };
		04F4B4D32F7BE33200B17812 /* HomeImmersiveVideoBackdrop.swift */ = {isa = PBXFileReference; lastKnownFileType = sourcecode.swift; path = HomeImmersiveVideoBackdrop.swift; sourceTree = "<group>"; };
		04F4B4E02F7BE33200B17812 /* AddPaymentCardView.swift */ = {isa = PBXFileReference; lastKnownFileType = sourcecode.swift; path = AddPaymentCardView.swift; sourceTree = "<group>"; };
		04F4B4E12F7BE33200B17812 /* CreditCardManagementView.swift */ = {isa = PBXFileReference; lastKnownFileType = sourcecode.swift; path = CreditCardManagementView.swift; sourceTree = "<group>"; };
		04F4B4E42F7BE33200B17812 /* HomeTemplateDetailView.swift */ = {isa = PBXFileReference; lastKnownFileType = sourcecode.swift; path = HomeTemplateDetailView.swift; sourceTree = "<group>"; };
		04F4B4F02F7BE33200B17812 /* UserWalletStore.swift */ = {isa = PBXFileReference; lastKnownFileType = sourcecode.swift; path = UserWalletStore.swift; sourceTree = "<group>"; };
		04F4B5022F7BE33200B17812 /* AppTabRouter.swift */ = {isa = PBXFileReference; lastKnownFileType = sourcecode.swift; path = AppTabRouter.swift; sourceTree = "<group>"; };
		04F4B5222F7BE33200B17812 /* DeviceLoginService.swift */ = {isa = PBXFileReference; lastKnownFileType = sourcecode.swift; path = DeviceLoginService.swift; sourceTree = "<group>"; };
		04F4B5232F7BE33200B17812 /* AuthSessionStore.swift */ = {isa = PBXFileReference; lastKnownFileType = sourcecode.swift; path = AuthSessionStore.swift; sourceTree = "<group>"; };
		04F4B5242F7BE33200B17812 /* LoginView.swift */ = {isa = PBXFileReference; lastKnownFileType = sourcecode.swift; path = LoginView.swift; sourceTree = "<group>"; };
		04F4B5292F7CBA7500B17812 /* AFConfigManager.swift */ = {isa = PBXFileReference; fileEncoding = 4; lastKnownFileType = sourcecode.swift; path = AFConfigManager.swift; sourceTree = "<group>"; };
		04F4B52B2F7CBA7400B17812 /* FavoriteModels.swift */ = {isa = PBXFileReference; fileEncoding = 4; lastKnownFileType = sourcecode.swift; path = FavoriteModels.swift; sourceTree = "<group>"; };
		04F4B52C2F7CBA7500B17812 /* FavoritesAPI.swift */ = {isa = PBXFileReference; fileEncoding = 4; lastKnownFileType = sourcecode.swift; path = FavoritesAPI.swift; sourceTree = "<group>"; };
		04F4B53C2F7BE33200B17812 /* AppError.swift */ = {isa = PBXFileReference; lastKnownFileType = sourcecode.swift; path = AppError.swift; sourceTree = "<group>"; };
		04F4B53D2F7BE33200B17812 /* TokenManager.swift */ = {isa = PBXFileReference; lastKnownFileType = sourcecode.swift; path = TokenManager.swift; sourceTree = "<group>"; };
		04F4B53E2F7BE33200B17812 /* AppConfig.swift */ = {isa = PBXFileReference; lastKnownFileType = sourcecode.swift; path = AppConfig.swift; sourceTree = "<group>"; };
		04F4B53F2F7BE33200B17812 /* DeviceManager.swift */ = {isa = PBXFileReference; lastKnownFileType = sourcecode.swift; path = DeviceManager.swift; sourceTree = "<group>"; };
		04F4B5402F7BE33200B17812 /* BalanceManager.swift */ = {isa = PBXFileReference; lastKnownFileType = sourcecode.swift; path = BalanceManager.swift; sourceTree = "<group>"; };
		04F4B5412F7BE33200B17812 /* RechargeAFLogger.swift */ = {isa = PBXFileReference; lastKnownFileType = sourcecode.swift; path = RechargeAFLogger.swift; sourceTree = "<group>"; };
		04F4B5482F7BE33200B17812 /* PushManager.swift */ = {isa = PBXFileReference; lastKnownFileType = sourcecode.swift; path = PushManager.swift; sourceTree = "<group>"; };
		04F4B5532F7BE33200B17812 /* HomeTemplateGenerationSheet.swift */ = {isa = PBXFileReference; lastKnownFileType = sourcecode.swift; path = HomeTemplateGenerationSheet.swift; sourceTree = "<group>"; };
		04F4B5552F7BE33200B17812 /* HomeUploadTipsOverlay.swift */ = {isa = PBXFileReference; lastKnownFileType = sourcecode.swift; path = HomeUploadTipsOverlay.swift; sourceTree = "<group>"; };
		04F4B5572F7BE33200B17812 /* MyCreationsView.swift */ = {isa = PBXFileReference; lastKnownFileType = sourcecode.swift; path = MyCreationsView.swift; sourceTree = "<group>"; };
		04F4B5592F7BE33200B17812 /* LocalFavoriteTemplateStore.swift */ = {isa = PBXFileReference; lastKnownFileType = sourcecode.swift; path = LocalFavoriteTemplateStore.swift; sourceTree = "<group>"; };
		04F4B55C2F7BE33200B17812 /* GenerationSuccessView.swift */ = {isa = PBXFileReference; lastKnownFileType = sourcecode.swift; path = GenerationSuccessView.swift; sourceTree = "<group>"; };
		04F4B55D2F7BE33200B17812 /* HomeAnalytics.swift */ = {isa = PBXFileReference; lastKnownFileType = sourcecode.swift; path = HomeAnalytics.swift; sourceTree = "<group>"; };
		04F4B5C12F7BE33200B17812 /* VersionConfigAPI.swift */ = {isa = PBXFileReference; lastKnownFileType = sourcecode.swift; path = VersionConfigAPI.swift; sourceTree = "<group>"; };
		04F4B5C32F7BE33200B17812 /* VersionConfigStore.swift */ = {isa = PBXFileReference; lastKnownFileType = sourcecode.swift; path = VersionConfigStore.swift; sourceTree = "<group>"; };
		04F4B5D12F7BE33200B17812 /* IAP.storekit */ = {isa = PBXFileReference; lastKnownFileType = text; path = IAP.storekit; sourceTree = "<group>"; };
		04F4B5E02F7BE33200B17812 /* LaunchScreen.storyboard */ = {isa = PBXFileReference; lastKnownFileType = file.storyboard; path = LaunchScreen.storyboard; sourceTree = "<group>"; };
		04F4B5E22F7BE33200B17812 /* IOS15Compat.swift */ = {isa = PBXFileReference; lastKnownFileType = sourcecode.swift; path = IOS15Compat.swift; sourceTree = "<group>"; };
		04F4B5E42F7BE33200B17812 /* LegacyImagePicker.swift */ = {isa = PBXFileReference; lastKnownFileType = sourcecode.swift; path = LegacyImagePicker.swift; sourceTree = "<group>"; };
		04F4B5E92F7BE33200B17812 /* AppCoinIcon.swift */ = {isa = PBXFileReference; lastKnownFileType = sourcecode.swift; path = AppCoinIcon.swift; sourceTree = "<group>"; };
		04F4B5ED2F7BE33200B17812 /* WelcomeBonusOverlay.swift */ = {isa = PBXFileReference; lastKnownFileType = sourcecode.swift; path = WelcomeBonusOverlay.swift; sourceTree = "<group>"; };
		04F4B6072F7BE33200B17812 /* AppLanguageStore.swift */ = {isa = PBXFileReference; lastKnownFileType = sourcecode.swift; path = AppLanguageStore.swift; sourceTree = "<group>"; };
		04F4B6082F7BE33200B17812 /* Localizable.xcstrings */ = {isa = PBXFileReference; lastKnownFileType = text.json.xcstrings; path = Localizable.xcstrings; sourceTree = "<group>"; };
		04F4B6152F7BE33200B17812 /* HomeGenerationRechargeUpsellView.swift */ = {isa = PBXFileReference; lastKnownFileType = sourcecode.swift; path = HomeGenerationRechargeUpsellView.swift; sourceTree = "<group>"; };
		04F4B6212F7BE33200B17812 /* HomeLayoutTransitions.swift */ = {isa = PBXFileReference; lastKnownFileType = sourcecode.swift; path = HomeLayoutTransitions.swift; sourceTree = "<group>"; };
		04F4B6292F7BE33200B17812 /* NotificationPermissionStore.swift */ = {isa = PBXFileReference; lastKnownFileType = sourcecode.swift; path = NotificationPermissionStore.swift; sourceTree = "<group>"; };
		04F4B62B2F7BE33200B17812 /* RemotePushRoute.swift */ = {isa = PBXFileReference; lastKnownFileType = sourcecode.swift; path = RemotePushRoute.swift; sourceTree = "<group>"; };
		04F4B62D2F7BE33200B17812 /* PushRechargeOrderAttribution.swift */ = {isa = PBXFileReference; lastKnownFileType = sourcecode.swift; path = PushRechargeOrderAttribution.swift; sourceTree = "<group>"; };
		04F4B62F2F7BE33200B17812 /* PushMarketingSheets.swift */ = {isa = PBXFileReference; lastKnownFileType = sourcecode.swift; path = PushMarketingSheets.swift; sourceTree = "<group>"; };
		04F4B6332F7BE33200B17812 /* bbbDebug.entitlements */ = {isa = PBXFileReference; lastKnownFileType = text.plist.entitlements; path = bbbDebug.entitlements; sourceTree = "<group>"; };
		04F4B6342F7BE33200B17812 /* bbbRelease.entitlements */ = {isa = PBXFileReference; lastKnownFileType = text.plist.entitlements; path = bbbRelease.entitlements; sourceTree = "<group>"; };
		04F4B6392F7BE33200B17812 /* BBBApplicationDelegate.swift */ = {isa = PBXFileReference; lastKnownFileType = sourcecode.swift; path = BBBApplicationDelegate.swift; sourceTree = "<group>"; };
		04F4B63A2F7BE33200B17812 /* BBBPushNotificationCenterDelegate.swift */ = {isa = PBXFileReference; lastKnownFileType = sourcecode.swift; path = BBBPushNotificationCenterDelegate.swift; sourceTree = "<group>"; };
		04F4B63D2F7BE33200B17812 /* AuthReloginHelper.swift */ = {isa = PBXFileReference; lastKnownFileType = sourcecode.swift; path = AuthReloginHelper.swift; sourceTree = "<group>"; };
		04F4B6A22F7CBA7400B17812 /* UserLocaleReporter.swift */ = {isa = PBXFileReference; fileEncoding = 4; lastKnownFileType = sourcecode.swift; path = UserLocaleReporter.swift; sourceTree = "<group>"; };
/* End PBXFileReference section */

/* Begin PBXFrameworksBuildPhase section */
		04F4B4252F7BE33200B17812 /* Frameworks */ = {
			isa = PBXFrameworksBuildPhase;
			buildActionMask = 2147483647;
			files = (
				04D804572F87B22A002027AA /* StoreKit.framework in Frameworks */,
			);
			runOnlyForDeploymentPostprocessing = 0;
		};
		04F4B4352F7BE33900B17812 /* Frameworks */ = {
			isa = PBXFrameworksBuildPhase;
			buildActionMask = 2147483647;
			files = (
			);
			runOnlyForDeploymentPostprocessing = 0;
		};
		04F4B43F2F7BE33900B17812 /* Frameworks */ = {
			isa = PBXFrameworksBuildPhase;
			buildActionMask = 2147483647;
			files = (
			);
			runOnlyForDeploymentPostprocessing = 0;
		};
/* End PBXFrameworksBuildPhase section */

/* Begin PBXGroup section */
		04D804552F87B22A002027AA /* Frameworks */ = {
			isa = PBXGroup;
			children = (
				04D804562F87B22A002027AA /* StoreKit.framework */,
			);
			name = Frameworks;
			sourceTree = "<group>";
		};
		04F4B41F2F7BE33200B17812 = {
			isa = PBXGroup;
			children = (
				04D804582F889529002027AA /* IAP.storekit */,
				04F4B42A2F7BE33200B17812 /* bbb */,
				04F4B43B2F7BE33900B17812 /* bbbTests */,
				04F4B4452F7BE33900B17812 /* bbbUITests */,
				04F4B4292F7BE33200B17812 /* Products */,
				04D804552F87B22A002027AA /* Frameworks */,
			);
			sourceTree = "<group>";
		};
		04F4B4292F7BE33200B17812 /* Products */ = {
			isa = PBXGroup;
			children = (
				04F4B4282F7BE33200B17812 /* bbb.app */,
				04F4B4382F7BE33900B17812 /* bbbTests.xctest */,
				04F4B4422F7BE33900B17812 /* bbbUITests.xctest */,
			);
			name = Products;
			sourceTree = "<group>";
		};
		04F4B42A2F7BE33200B17812 /* bbb */ = {
			isa = PBXGroup;
			children = (
				04890D0B2FA3086D0044C7DE /* Info.plist */,
				04F4B46B2F7CBA7500B17812 /* Data */,
				04F4B4552F7CBA7400B17812 /* Domain */,
				04F4B6332F7BE33200B17812 /* bbbDebug.entitlements */,
				04F4B6342F7BE33200B17812 /* bbbRelease.entitlements */,
				04F4B42B2F7BE33200B17812 /* bbbApp.swift */,
				04F4B42D2F7BE33200B17812 /* ContentView.swift */,
				04F4B5E02F7BE33200B17812 /* LaunchScreen.storyboard */,
				04F4B48A2F7BE33200B17812 /* Other */,
				04F4B48B2F7BE33200B17812 /* Home */,
				04F4B48C2F7BE33200B17812 /* Rechange */,
				04F4B48D2F7BE33200B17812 /* My */,
				04F4B42F2F7BE33800B17812 /* Assets.xcassets */,
				04F4B6082F7BE33200B17812 /* Localizable.xcstrings */,
				04F4B4312F7BE33800B17812 /* Preview Content */,
				04F4B5D22F7BE33200B17812 /* Config */,
			);
			path = bbb;
			sourceTree = "<group>";
		};
		04F4B4312F7BE33800B17812 /* Preview Content */ = {
			isa = PBXGroup;
			children = (
				04F4B4322F7BE33800B17812 /* Preview Assets.xcassets */,
			);
			path = "Preview Content";
			sourceTree = "<group>";
		};
		04F4B43B2F7BE33900B17812 /* bbbTests */ = {
			isa = PBXGroup;
			children = (
				04F4B43C2F7BE33900B17812 /* bbbTests.swift */,
			);
			path = bbbTests;
			sourceTree = "<group>";
		};
		04F4B4452F7BE33900B17812 /* bbbUITests */ = {
			isa = PBXGroup;
			children = (
				04F4B4462F7BE33900B17812 /* bbbUITests.swift */,
				04F4B4482F7BE33900B17812 /* bbbUITestsLaunchTests.swift */,
			);
			path = bbbUITests;
			sourceTree = "<group>";
		};
		04F4B4552F7CBA7400B17812 /* Domain */ = {
			isa = PBXGroup;
			children = (
				04F4B4562F7CBA7400B17812 /* Repositories */,
				04F4B45A2F7CBA7400B17812 /* Services */,
				04F4B4662F7CBA7400B17812 /* Entities */,
			);
			path = Domain;
			sourceTree = "<group>";
		};
		04F4B4562F7CBA7400B17812 /* Repositories */ = {
			isa = PBXGroup;
			children = (
				04F4B4572F7CBA7400B17812 /* RechargeRepositoryProtocol.swift */,
				04F4B4582F7CBA7400B17812 /* AuthRepositoryProtocol.swift */,
				04F4B4592F7CBA7400B17812 /* TemplateRepositoryProtocol.swift */,
			);
			path = Repositories;
			sourceTree = "<group>";
		};
		04F4B45A2F7CBA7400B17812 /* Services */ = {
			isa = PBXGroup;
			children = (
				04F4B45B2F7CBA7400B17812 /* BehaviorEventQueue.swift */,
				04F4B45C2F7CBA7400B17812 /* IPLocationManager.swift */,
				04F4B45D2F7CBA7400B17812 /* IAPManager.swift */,
				04F4B6A22F7CBA7400B17812 /* UserLocaleReporter.swift */,
				04F4B45E2F7CBA7400B17812 /* TaskPollingService.swift */,
				04F4B45F2F7CBA7400B17812 /* PhotoValidationService.swift */,
				04F4B4602F7CBA7400B17812 /* IAPOrderMapping.swift */,
				04F4B4612F7CBA7400B17812 /* AFService.swift */,
				04F4B5292F7CBA7500B17812 /* AFConfigManager.swift */,
				04F4B4622F7CBA7400B17812 /* PayChannelManager.swift */,
				04F4B4632F7CBA7400B17812 /* PackageManager.swift */,
				04F4B4642F7CBA7400B17812 /* WebSocketService.swift */,
				04F4B4652F7CBA7400B17812 /* PaymentCardManager.swift */,
			);
			path = Services;
			sourceTree = "<group>";
		};
		04F4B4662F7CBA7400B17812 /* Entities */ = {
			isa = PBXGroup;
			children = (
				04F4B4672F7CBA7400B17812 /* TemplateModels.swift */,
				04F4B4682F7CBA7400B17812 /* RechargeModels.swift */,
				04F4B4692F7CBA7400B17812 /* FeedbackModels.swift */,
				04F4B52B2F7CBA7400B17812 /* FavoriteModels.swift */,
				04F4B46A2F7CBA7400B17812 /* AuthModels.swift */,
			);
			path = Entities;
			sourceTree = "<group>";
		};
		04F4B46B2F7CBA7500B17812 /* Data */ = {
			isa = PBXGroup;
			children = (
				04F4B46C2F7CBA7500B17812 /* Network */,
				04F4B4782F7CBA7500B17812 /* Repositories */,
				04F4B47D2F7CBA7500B17812 /* LocalStorage */,
			);
			path = Data;
			sourceTree = "<group>";
		};
		04F4B46C2F7CBA7500B17812 /* Network */ = {
			isa = PBXGroup;
			children = (
				04F4B46D2F7CBA7500B17812 /* FeedbackAPI.swift */,
				04F4B52C2F7CBA7500B17812 /* FavoritesAPI.swift */,
				04F4B46E2F7CBA7500B17812 /* StatisticsAPI.swift */,
				04F4B46F2F7CBA7500B17812 /* UserAPI.swift */,
				04F4B4702F7CBA7500B17812 /* ResBaseURL.swift */,
				04F4B4712F7CBA7500B17812 /* APIClient.swift */,
				04F4B4722F7CBA7500B17812 /* APIBaseURL.swift */,
				04F4B4732F7CBA7500B17812 /* AuthAPI.swift */,
				04F4B4742F7CBA7500B17812 /* TemplateAPI.swift */,
				04F4B4752F7CBA7500B17812 /* TaskAPI.swift */,
				04F4B4762F7CBA7500B17812 /* RechargeAPI.swift */,
				04F4B4772F7CBA7500B17812 /* UploadAPI.swift */,
				04F4B5C12F7BE33200B17812 /* VersionConfigAPI.swift */,
			);
			path = Network;
			sourceTree = "<group>";
		};
		04F4B4782F7CBA7500B17812 /* Repositories */ = {
			isa = PBXGroup;
			children = (
				04F4B4792F7CBA7500B17812 /* UploadRepository.swift */,
				04F4B47A2F7CBA7500B17812 /* AuthRepository.swift */,
				04F4B47B2F7CBA7500B17812 /* RechargeRepository.swift */,
				04F4B47C2F7CBA7500B17812 /* TemplateRepository.swift */,
			);
			path = Repositories;
			sourceTree = "<group>";
		};
		04F4B47D2F7CBA7500B17812 /* LocalStorage */ = {
			isa = PBXGroup;
			children = (
				04F4B47E2F7CBA7500B17812 /* RedirectPaymentInfoStore.swift */,
				04F4B47F2F7CBA7500B17812 /* ImageCacheManager.swift */,
				04F4B4802F7CBA7500B17812 /* KeychainManager.swift */,
				04F4B4812F7CBA7500B17812 /* VideoCacheManager.swift */,
				04F4B4822F7CBA7500B17812 /* TemplateDataCacheManager.swift */,
				04F4B4832F7CBA7500B17812 /* UserDefaultsManager.swift */,
				04F4B4842F7CBA7500B17812 /* RechargeDataCacheManager.swift */,
				04F4B4852F7CBA7500B17812 /* PoorGenerationFeedbackStore.swift */,
				04F4B5592F7BE33200B17812 /* LocalFavoriteTemplateStore.swift */,
			);
			path = LocalStorage;
			sourceTree = "<group>";
		};
		04F4B48A2F7BE33200B17812 /* Other */ = {
			isa = PBXGroup;
			children = (
				04F4B53C2F7BE33200B17812 /* AppError.swift */,
				04F4B53D2F7BE33200B17812 /* TokenManager.swift */,
				04F4B63D2F7BE33200B17812 /* AuthReloginHelper.swift */,
				04F4B53E2F7BE33200B17812 /* AppConfig.swift */,
				04F4B5C32F7BE33200B17812 /* VersionConfigStore.swift */,
				04F4B53F2F7BE33200B17812 /* DeviceManager.swift */,
				04F4B5402F7BE33200B17812 /* BalanceManager.swift */,
				04F4B5412F7BE33200B17812 /* RechargeAFLogger.swift */,
				04F4B5482F7BE33200B17812 /* PushManager.swift */,
				04F4B6392F7BE33200B17812 /* BBBApplicationDelegate.swift */,
				04F4B63A2F7BE33200B17812 /* BBBPushNotificationCenterDelegate.swift */,
				04F4B62B2F7BE33200B17812 /* RemotePushRoute.swift */,
				04F4B62D2F7BE33200B17812 /* PushRechargeOrderAttribution.swift */,
				04F4B62F2F7BE33200B17812 /* PushMarketingSheets.swift */,
				04F4B6292F7BE33200B17812 /* NotificationPermissionStore.swift */,
				04F4B4802F7BE33200B17812 /* AppTheme.swift */,
				04F4B5E22F7BE33200B17812 /* IOS15Compat.swift */,
				04F4B5E42F7BE33200B17812 /* LegacyImagePicker.swift */,
				04F4B5E92F7BE33200B17812 /* AppCoinIcon.swift */,
				04F4B5ED2F7BE33200B17812 /* WelcomeBonusOverlay.swift */,
				04F4B4F02F7BE33200B17812 /* UserWalletStore.swift */,
				04F4B5022F7BE33200B17812 /* AppTabRouter.swift */,
				04F4B5222F7BE33200B17812 /* DeviceLoginService.swift */,
				04F4B5232F7BE33200B17812 /* AuthSessionStore.swift */,
				04F4B4812F7BE33200B17812 /* MainTabView.swift */,
				04F4B6072F7BE33200B17812 /* AppLanguageStore.swift */,
				04F4B4952F7BE33200B17812 /* LegalAndSupportViews.swift */,
			);
			path = Other;
			sourceTree = "<group>";
		};
		04F4B48B2F7BE33200B17812 /* Home */ = {
			isa = PBXGroup;
			children = (
				04F4B4822F7BE33200B17812 /* HomeView.swift */,
				04F4B6212F7BE33200B17812 /* HomeLayoutTransitions.swift */,
				04F4B4A02F7BE33200B17812 /* HomeModels.swift */,
				04F4B55D2F7BE33200B17812 /* HomeAnalytics.swift */,
				04F4B4A12F7BE33200B17812 /* HomeImmersiveFeedView.swift */,
				04F4B5532F7BE33200B17812 /* HomeTemplateGenerationSheet.swift */,
				04F4B6152F7BE33200B17812 /* HomeGenerationRechargeUpsellView.swift */,
				04F4B5552F7BE33200B17812 /* HomeUploadTipsOverlay.swift */,
				04F4B4A22F7BE33200B17812 /* HomeGridFeedView.swift */,
				04F4B4E42F7BE33200B17812 /* HomeTemplateDetailView.swift */,
				04F4B4BE2F7BE33200B17812 /* HomeCachedImage.swift */,
				04F4B4D32F7BE33200B17812 /* HomeImmersiveVideoBackdrop.swift */,
				04F4B4A32F7BE33200B17812 /* HomeChrome.swift */,
			);
			path = Home;
			sourceTree = "<group>";
		};
		04F4B48C2F7BE33200B17812 /* Rechange */ = {
			isa = PBXGroup;
			children = (
				04F4B4832F7BE33200B17812 /* RechargeView.swift */,
				04F4B4C02F7BE33200B17812 /* RechargeUIModels.swift */,
				04F4B4C12F7BE33200B17812 /* RechargePaymentSelectionView.swift */,
				04F4B4C22F7BE33200B17812 /* RechargeRecordListView.swift */,
				04F4B4C32F7BE33200B17812 /* RechargeResultOverlay.swift */,
				04F4B4E02F7BE33200B17812 /* AddPaymentCardView.swift */,
				04F4B4E12F7BE33200B17812 /* CreditCardManagementView.swift */,
			);
			path = Rechange;
			sourceTree = "<group>";
		};
		04F4B48D2F7BE33200B17812 /* My */ = {
			isa = PBXGroup;
			children = (
				04F4B4842F7BE33200B17812 /* MyProfileView.swift */,
				04F4B5572F7BE33200B17812 /* MyCreationsView.swift */,
				04F4B55C2F7BE33200B17812 /* GenerationSuccessView.swift */,
				04F4B5242F7BE33200B17812 /* LoginView.swift */,
				04F4B4942F7BE33200B17812 /* ProfileFeatureViews.swift */,
				04F4B4962F7BE33200B17812 /* ProfileRoute.swift */,
			);
			path = My;
			sourceTree = "<group>";
		};
		04F4B5D22F7BE33200B17812 /* Config */ = {
			isa = PBXGroup;
			children = (
				04F4B5D12F7BE33200B17812 /* IAP.storekit */,
			);
			path = Config;
			sourceTree = "<group>";
		};
/* End PBXGroup section */

/* Begin PBXNativeTarget section */
		04F4B4272F7BE33200B17812 /* bbb */ = {
			isa = PBXNativeTarget;
			buildConfigurationList = 04F4B44C2F7BE33900B17812 /* Build configuration list for PBXNativeTarget "bbb" */;
			buildPhases = (
				04F4B4242F7BE33200B17812 /* Sources */,
				04F4B4252F7BE33200B17812 /* Frameworks */,
				04F4B4262F7BE33200B17812 /* Resources */,
			);
			buildRules = (
			);
			dependencies = (
			);
			name = bbb;
			productName = bbb;
			productReference = 04F4B4282F7BE33200B17812 /* bbb.app */;
			productType = "com.apple.product-type.application";
		};
		04F4B4372F7BE33900B17812 /* bbbTests */ = {
			isa = PBXNativeTarget;
			buildConfigurationList = 04F4B44F2F7BE33900B17812 /* Build configuration list for PBXNativeTarget "bbbTests" */;
			buildPhases = (
				04F4B4342F7BE33900B17812 /* Sources */,
				04F4B4352F7BE33900B17812 /* Frameworks */,
				04F4B4362F7BE33900B17812 /* Resources */,
			);
			buildRules = (
			);
			dependencies = (
				04F4B43A2F7BE33900B17812 /* PBXTargetDependency */,
			);
			name = bbbTests;
			productName = bbbTests;
			productReference = 04F4B4382F7BE33900B17812 /* bbbTests.xctest */;
			productType = "com.apple.product-type.bundle.unit-test";
		};
		04F4B4412F7BE33900B17812 /* bbbUITests */ = {
			isa = PBXNativeTarget;
			buildConfigurationList = 04F4B4522F7BE33900B17812 /* Build configuration list for PBXNativeTarget "bbbUITests" */;
			buildPhases = (
				04F4B43E2F7BE33900B17812 /* Sources */,
				04F4B43F2F7BE33900B17812 /* Frameworks */,
				04F4B4402F7BE33900B17812 /* Resources */,
			);
			buildRules = (
			);
			dependencies = (
				04F4B4442F7BE33900B17812 /* PBXTargetDependency */,
			);
			name = bbbUITests;
			productName = bbbUITests;
			productReference = 04F4B4422F7BE33900B17812 /* bbbUITests.xctest */;
			productType = "com.apple.product-type.bundle.ui-testing";
		};
/* End PBXNativeTarget section */

/* Begin PBXProject section */
		04F4B4202F7BE33200B17812 /* Project object */ = {
			isa = PBXProject;
			attributes = {
				BuildIndependentTargetsInParallel = 1;
				LastSwiftUpdateCheck = 1520;
				LastUpgradeCheck = 1520;
				TargetAttributes = {
					04F4B4272F7BE33200B17812 = {
						CreatedOnToolsVersion = 15.2;
					};
					04F4B4372F7BE33900B17812 = {
						CreatedOnToolsVersion = 15.2;
						TestTargetID = 04F4B4272F7BE33200B17812;
					};
					04F4B4412F7BE33900B17812 = {
						CreatedOnToolsVersion = 15.2;
						TestTargetID = 04F4B4272F7BE33200B17812;
					};
				};
			};
			buildConfigurationList = 04F4B4232F7BE33200B17812 /* Build configuration list for PBXProject "bbb" */;
			compatibilityVersion = "Xcode 14.0";
			developmentRegion = en;
			hasScannedForEncodings = 0;
			knownRegions = (
				en,
				Base,
				"zh-Hant",
				pt,
				es,
				ja,
				fr,
				de,
			);
			mainGroup = 04F4B41F2F7BE33200B17812;
			productRefGroup = 04F4B4292F7BE33200B17812 /* Products */;
			projectDirPath = "";
			projectRoot = "";
			targets = (
				04F4B4272F7BE33200B17812 /* bbb */,
				04F4B4372F7BE33900B17812 /* bbbTests */,
				04F4B4412F7BE33900B17812 /* bbbUITests */,
			);
		};
/* End PBXProject section */

/* Begin PBXResourcesBuildPhase section */
		04F4B4262F7BE33200B17812 /* Resources */ = {
			isa = PBXResourcesBuildPhase;
			buildActionMask = 2147483647;
			files = (
				04F4B4332F7BE33800B17812 /* Preview Assets.xcassets in Resources */,
				04F4B4302F7BE33800B17812 /* Assets.xcassets in Resources */,
				04F4B5E12F7BE33200B17812 /* LaunchScreen.storyboard in Resources */,
				04F4B60A2F7BE33200B17812 /* Localizable.xcstrings in Resources */,
			);
			runOnlyForDeploymentPostprocessing = 0;
		};
		04F4B4362F7BE33900B17812 /* Resources */ = {
			isa = PBXResourcesBuildPhase;
			buildActionMask = 2147483647;
			files = (
			);
			runOnlyForDeploymentPostprocessing = 0;
		};
		04F4B4402F7BE33900B17812 /* Resources */ = {
			isa = PBXResourcesBuildPhase;
			buildActionMask = 2147483647;
			files = (
			);
			runOnlyForDeploymentPostprocessing = 0;
		};
/* End PBXResourcesBuildPhase section */

/* Begin PBXSourcesBuildPhase section */
		04F4B4242F7BE33200B17812 /* Sources */ = {
			isa = PBXSourcesBuildPhase;
			buildActionMask = 2147483647;
			files = (
				04F4B6092F7BE33200B17812 /* AppLanguageStore.swift in Sources */,
				04F4B5422F7BE33200B17812 /* AppError.swift in Sources */,
				04F4B5432F7BE33200B17812 /* TokenManager.swift in Sources */,
				04F4B63E2F7BE33200B17812 /* AuthReloginHelper.swift in Sources */,
				04F4B5442F7BE33200B17812 /* AppConfig.swift in Sources */,
				04F4B5452F7BE33200B17812 /* DeviceManager.swift in Sources */,
				04F4B5462F7BE33200B17812 /* BalanceManager.swift in Sources */,
				04F4B5472F7BE33200B17812 /* RechargeAFLogger.swift in Sources */,
				04F4B5492F7BE33200B17812 /* PushManager.swift in Sources */,
				04F4B63B2F7BE33200B17812 /* BBBApplicationDelegate.swift in Sources */,
				04F4B63C2F7BE33200B17812 /* BBBPushNotificationCenterDelegate.swift in Sources */,
				04F4B62C2F7BE33200B17812 /* RemotePushRoute.swift in Sources */,
				04F4B62E2F7BE33200B17812 /* PushRechargeOrderAttribution.swift in Sources */,
				04F4B6302F7BE33200B17812 /* PushMarketingSheets.swift in Sources */,
				04F4B62A2F7BE33200B17812 /* NotificationPermissionStore.swift in Sources */,
				04F4B4AA2F7CBA7500B17812 /* VideoCacheManager.swift in Sources */,
				04F4B4852F7BE33200B17812 /* AppTheme.swift in Sources */,
				04F4B5E32F7BE33200B17812 /* IOS15Compat.swift in Sources */,
				04F4B5E52F7BE33200B17812 /* LegacyImagePicker.swift in Sources */,
				04F4B5E82F7BE33200B17812 /* AppCoinIcon.swift in Sources */,
				04F4B5EC2F7BE33200B17812 /* WelcomeBonusOverlay.swift in Sources */,
				04F4B4AD2F7CBA7500B17812 /* RechargeDataCacheManager.swift in Sources */,
				04F4B4F12F7BE33200B17812 /* UserWalletStore.swift in Sources */,
				04F4B4902F7CBA7500B17812 /* PayChannelManager.swift in Sources */,
				04F4B4AC2F7CBA7500B17812 /* UserDefaultsManager.swift in Sources */,
				04F4B48B2F7CBA7500B17812 /* IAPManager.swift in Sources */,
				04F4B6A32F7CBA7500B17812 /* UserLocaleReporter.swift in Sources */,
				04F4B49E2F7CBA7500B17812 /* AuthAPI.swift in Sources */,
				04F4B4952F7CBA7500B17812 /* RechargeModels.swift in Sources */,
				04F4B4882F7CBA7500B17812 /* TemplateRepositoryProtocol.swift in Sources */,
				04F4B4992F7CBA7500B17812 /* StatisticsAPI.swift in Sources */,
				04F4B5C02F7BE33200B17812 /* VersionConfigAPI.swift in Sources */,
				04F4B5C22F7BE33200B17812 /* VersionConfigStore.swift in Sources */,
				04F4B4A32F7CBA7500B17812 /* UploadRepository.swift in Sources */,
				04F4B4872F7CBA7500B17812 /* AuthRepositoryProtocol.swift in Sources */,
				04F4B5122F7BE33200B17812 /* AppTabRouter.swift in Sources */,
				04F4B5252F7BE33200B17812 /* DeviceLoginService.swift in Sources */,
				04F4B5262F7BE33200B17812 /* AuthSessionStore.swift in Sources */,
				04F4B4982F7CBA7500B17812 /* FeedbackAPI.swift in Sources */,
				04F4B52D2F7CBA7500B17812 /* FavoritesAPI.swift in Sources */,
				04F4B52E2F7CBA7500B17812 /* FavoriteModels.swift in Sources */,
				04F4B4972F7CBA7500B17812 /* AuthModels.swift in Sources */,
				04F4B4A92F7CBA7500B17812 /* KeychainManager.swift in Sources */,
				04F4B4862F7BE33200B17812 /* MainTabView.swift in Sources */,
				04F4B4862F7CBA7500B17812 /* RechargeRepositoryProtocol.swift in Sources */,
				04F4B48A2F7CBA7500B17812 /* IPLocationManager.swift in Sources */,
				04F4B4A42F7CBA7500B17812 /* AuthRepository.swift in Sources */,
				04F4B49A2F7CBA7500B17812 /* UserAPI.swift in Sources */,
				04F4B4872F7BE33200B17812 /* HomeView.swift in Sources */,
				04F4B6202F7BE33200B17812 /* HomeLayoutTransitions.swift in Sources */,
				04F4B4A42F7BE33200B17812 /* HomeModels.swift in Sources */,
				04F4B55E2F7BE33200B17812 /* HomeAnalytics.swift in Sources */,
				04F4B4A52F7BE33200B17812 /* HomeImmersiveFeedView.swift in Sources */,
				04F4B5542F7BE33200B17812 /* HomeTemplateGenerationSheet.swift in Sources */,
				04F4B6142F7BE33200B17812 /* HomeGenerationRechargeUpsellView.swift in Sources */,
				04F4B5562F7BE33200B17812 /* HomeUploadTipsOverlay.swift in Sources */,
				04F4B48F2F7CBA7500B17812 /* AFService.swift in Sources */,
				04F4B52A2F7CBA7500B17812 /* AFConfigManager.swift in Sources */,
				04F4B4A12F7CBA7500B17812 /* RechargeAPI.swift in Sources */,
				04F4B4932F7CBA7500B17812 /* PaymentCardManager.swift in Sources */,
				04F4B4962F7CBA7500B17812 /* FeedbackModels.swift in Sources */,
				04F4B49C2F7CBA7500B17812 /* APIClient.swift in Sources */,
				04F4B48C2F7CBA7500B17812 /* TaskPollingService.swift in Sources */,
				04F4B49F2F7CBA7500B17812 /* TemplateAPI.swift in Sources */,
				04F4B4A62F7BE33200B17812 /* HomeGridFeedView.swift in Sources */,
				04F4B4E52F7BE33200B17812 /* HomeTemplateDetailView.swift in Sources */,
				04F4B4BF2F7BE33200B17812 /* HomeCachedImage.swift in Sources */,
				04F4B4D42F7BE33200B17812 /* HomeImmersiveVideoBackdrop.swift in Sources */,
				04F4B4A72F7BE33200B17812 /* HomeChrome.swift in Sources */,
				04F4B49D2F7CBA7500B17812 /* APIBaseURL.swift in Sources */,
				04F4B4912F7CBA7500B17812 /* PackageManager.swift in Sources */,
				04F4B4882F7BE33200B17812 /* RechargeView.swift in Sources */,
				04F4B4C42F7BE33200B17812 /* RechargeUIModels.swift in Sources */,
				04F4B4A22F7CBA7500B17812 /* UploadAPI.swift in Sources */,
				04F4B4A52F7CBA7500B17812 /* RechargeRepository.swift in Sources */,
				04F4B48E2F7CBA7500B17812 /* IAPOrderMapping.swift in Sources */,
				04F4B4C52F7BE33200B17812 /* RechargePaymentSelectionView.swift in Sources */,
				04F4B4AB2F7CBA7500B17812 /* TemplateDataCacheManager.swift in Sources */,
				04F4B4C62F7BE33200B17812 /* RechargeRecordListView.swift in Sources */,
				04F4B4C72F7BE33200B17812 /* RechargeResultOverlay.swift in Sources */,
				04F4B4AE2F7CBA7500B17812 /* PoorGenerationFeedbackStore.swift in Sources */,
				04F4B55A2F7BE33200B17812 /* LocalFavoriteTemplateStore.swift in Sources */,
				04F4B4922F7CBA7500B17812 /* WebSocketService.swift in Sources */,
				04F4B4942F7CBA7500B17812 /* TemplateModels.swift in Sources */,
				04F4B48D2F7CBA7500B17812 /* PhotoValidationService.swift in Sources */,
				04F4B4A02F7CBA7500B17812 /* TaskAPI.swift in Sources */,
				04F4B4E22F7BE33200B17812 /* AddPaymentCardView.swift in Sources */,
				04F4B4892F7CBA7500B17812 /* BehaviorEventQueue.swift in Sources */,
				04F4B4E32F7BE33200B17812 /* CreditCardManagementView.swift in Sources */,
				04F4B4A82F7CBA7500B17812 /* ImageCacheManager.swift in Sources */,
				04F4B4A72F7CBA7500B17812 /* RedirectPaymentInfoStore.swift in Sources */,
				04F4B4892F7BE33200B17812 /* MyProfileView.swift in Sources */,
				04F4B5582F7BE33200B17812 /* MyCreationsView.swift in Sources */,
				04F4B55B2F7BE33200B17812 /* GenerationSuccessView.swift in Sources */,
				04F4B5272F7BE33200B17812 /* LoginView.swift in Sources */,
				04F4B4972F7BE33200B17812 /* ProfileFeatureViews.swift in Sources */,
				04F4B49B2F7CBA7500B17812 /* ResBaseURL.swift in Sources */,
				04F4B4982F7BE33200B17812 /* LegalAndSupportViews.swift in Sources */,
				04F4B4992F7BE33200B17812 /* ProfileRoute.swift in Sources */,
				04F4B42E2F7BE33200B17812 /* ContentView.swift in Sources */,
				04F4B42C2F7BE33200B17812 /* bbbApp.swift in Sources */,
				04F4B4A62F7CBA7500B17812 /* TemplateRepository.swift in Sources */,
			);
			runOnlyForDeploymentPostprocessing = 0;
		};
		04F4B4342F7BE33900B17812 /* Sources */ = {
			isa = PBXSourcesBuildPhase;
			buildActionMask = 2147483647;
			files = (
				04F4B43D2F7BE33900B17812 /* bbbTests.swift in Sources */,
			);
			runOnlyForDeploymentPostprocessing = 0;
		};
		04F4B43E2F7BE33900B17812 /* Sources */ = {
			isa = PBXSourcesBuildPhase;
			buildActionMask = 2147483647;
			files = (
				04F4B4472F7BE33900B17812 /* bbbUITests.swift in Sources */,
				04F4B4492F7BE33900B17812 /* bbbUITestsLaunchTests.swift in Sources */,
			);
			runOnlyForDeploymentPostprocessing = 0;
		};
/* End PBXSourcesBuildPhase section */

/* Begin PBXTargetDependency section */
		04F4B43A2F7BE33900B17812 /* PBXTargetDependency */ = {
			isa = PBXTargetDependency;
			target = 04F4B4272F7BE33200B17812 /* bbb */;
			targetProxy = 04F4B4392F7BE33900B17812 /* PBXContainerItemProxy */;
		};
		04F4B4442F7BE33900B17812 /* PBXTargetDependency */ = {
			isa = PBXTargetDependency;
			target = 04F4B4272F7BE33200B17812 /* bbb */;
			targetProxy = 04F4B4432F7BE33900B17812 /* PBXContainerItemProxy */;
		};
/* End PBXTargetDependency section */

/* Begin XCBuildConfiguration section */
		04F4B44A2F7BE33900B17812 /* Debug */ = {
			isa = XCBuildConfiguration;
			buildSettings = {
				ALWAYS_SEARCH_USER_PATHS = NO;
				ASSETCATALOG_COMPILER_GENERATE_SWIFT_ASSET_SYMBOL_EXTENSIONS = YES;
				CLANG_ANALYZER_NONNULL = YES;
				CLANG_ANALYZER_NUMBER_OBJECT_CONVERSION = YES_AGGRESSIVE;
				CLANG_CXX_LANGUAGE_STANDARD = "gnu++20";
				CLANG_ENABLE_MODULES = YES;
				CLANG_ENABLE_OBJC_ARC = YES;
				CLANG_ENABLE_OBJC_WEAK = YES;
				CLANG_WARN_BLOCK_CAPTURE_AUTORELEASING = YES;
				CLANG_WARN_BOOL_CONVERSION = YES;
				CLANG_WARN_COMMA = YES;
				CLANG_WARN_CONSTANT_CONVERSION = YES;
				CLANG_WARN_DEPRECATED_OBJC_IMPLEMENTATIONS = YES;
				CLANG_WARN_DIRECT_OBJC_ISA_USAGE = YES_ERROR;
				CLANG_WARN_DOCUMENTATION_COMMENTS = YES;
				CLANG_WARN_EMPTY_BODY = YES;
				CLANG_WARN_ENUM_CONVERSION = YES;
				CLANG_WARN_INFINITE_RECURSION = YES;
				CLANG_WARN_INT_CONVERSION = YES;
				CLANG_WARN_NON_LITERAL_NULL_CONVERSION = YES;
				CLANG_WARN_OBJC_IMPLICIT_RETAIN_SELF = YES;
				CLANG_WARN_OBJC_LITERAL_CONVERSION = YES;
				CLANG_WARN_OBJC_ROOT_CLASS = YES_ERROR;
				CLANG_WARN_QUOTED_INCLUDE_IN_FRAMEWORK_HEADER = YES;
				CLANG_WARN_RANGE_LOOP_ANALYSIS = YES;
				CLANG_WARN_STRICT_PROTOTYPES = YES;
				CLANG_WARN_SUSPICIOUS_MOVE = YES;
				CLANG_WARN_UNGUARDED_AVAILABILITY = YES_AGGRESSIVE;
				CLANG_WARN_UNREACHABLE_CODE = YES;
				CLANG_WARN__DUPLICATE_METHOD_MATCH = YES;
				COPY_PHASE_STRIP = NO;
				DEBUG_INFORMATION_FORMAT = dwarf;
				ENABLE_STRICT_OBJC_MSGSEND = YES;
				ENABLE_TESTABILITY = YES;
				ENABLE_USER_SCRIPT_SANDBOXING = YES;
				GCC_C_LANGUAGE_STANDARD = gnu17;
				GCC_DYNAMIC_NO_PIC = NO;
				GCC_NO_COMMON_BLOCKS = YES;
				GCC_OPTIMIZATION_LEVEL = 0;
				GCC_PREPROCESSOR_DEFINITIONS = (
					"DEBUG=1",
					"$(inherited)",
				);
				GCC_WARN_64_TO_32_BIT_CONVERSION = YES;
				GCC_WARN_ABOUT_RETURN_TYPE = YES_ERROR;
				GCC_WARN_UNDECLARED_SELECTOR = YES;
				GCC_WARN_UNINITIALIZED_AUTOS = YES_AGGRESSIVE;
				GCC_WARN_UNUSED_FUNCTION = YES;
				GCC_WARN_UNUSED_VARIABLE = YES;
				IPHONEOS_DEPLOYMENT_TARGET = 17.2;
				LOCALIZATION_PREFERS_STRING_CATALOGS = YES;
				MTL_ENABLE_DEBUG_INFO = INCLUDE_SOURCE;
				MTL_FAST_MATH = YES;
				ONLY_ACTIVE_ARCH = YES;
				SDKROOT = iphoneos;
				SWIFT_ACTIVE_COMPILATION_CONDITIONS = "DEBUG $(inherited)";
				SWIFT_OPTIMIZATION_LEVEL = "-Onone";
			};
			name = Debug;
		};
		04F4B44B2F7BE33900B17812 /* Release */ = {
			isa = XCBuildConfiguration;
			buildSettings = {
				ALWAYS_SEARCH_USER_PATHS = NO;
				ASSETCATALOG_COMPILER_GENERATE_SWIFT_ASSET_SYMBOL_EXTENSIONS = YES;
				CLANG_ANALYZER_NONNULL = YES;
				CLANG_ANALYZER_NUMBER_OBJECT_CONVERSION = YES_AGGRESSIVE;
				CLANG_CXX_LANGUAGE_STANDARD = "gnu++20";
				CLANG_ENABLE_MODULES = YES;
				CLANG_ENABLE_OBJC_ARC = YES;
				CLANG_ENABLE_OBJC_WEAK = YES;
				CLANG_WARN_BLOCK_CAPTURE_AUTORELEASING = YES;
				CLANG_WARN_BOOL_CONVERSION = YES;
				CLANG_WARN_COMMA = YES;
				CLANG_WARN_CONSTANT_CONVERSION = YES;
				CLANG_WARN_DEPRECATED_OBJC_IMPLEMENTATIONS = YES;
				CLANG_WARN_DIRECT_OBJC_ISA_USAGE = YES_ERROR;
				CLANG_WARN_DOCUMENTATION_COMMENTS = YES;
				CLANG_WARN_EMPTY_BODY = YES;
				CLANG_WARN_ENUM_CONVERSION = YES;
				CLANG_WARN_INFINITE_RECURSION = YES;
				CLANG_WARN_INT_CONVERSION = YES;
				CLANG_WARN_NON_LITERAL_NULL_CONVERSION = YES;
				CLANG_WARN_OBJC_IMPLICIT_RETAIN_SELF = YES;
				CLANG_WARN_OBJC_LITERAL_CONVERSION = YES;
				CLANG_WARN_OBJC_ROOT_CLASS = YES_ERROR;
				CLANG_WARN_QUOTED_INCLUDE_IN_FRAMEWORK_HEADER = YES;
				CLANG_WARN_RANGE_LOOP_ANALYSIS = YES;
				CLANG_WARN_STRICT_PROTOTYPES = YES;
				CLANG_WARN_SUSPICIOUS_MOVE = YES;
				CLANG_WARN_UNGUARDED_AVAILABILITY = YES_AGGRESSIVE;
				CLANG_WARN_UNREACHABLE_CODE = YES;
				CLANG_WARN__DUPLICATE_METHOD_MATCH = YES;
				COPY_PHASE_STRIP = NO;
				DEBUG_INFORMATION_FORMAT = "dwarf-with-dsym";
				ENABLE_NS_ASSERTIONS = NO;
				ENABLE_STRICT_OBJC_MSGSEND = YES;
				ENABLE_USER_SCRIPT_SANDBOXING = YES;
				GCC_C_LANGUAGE_STANDARD = gnu17;
				GCC_NO_COMMON_BLOCKS = YES;
				GCC_WARN_64_TO_32_BIT_CONVERSION = YES;
				GCC_WARN_ABOUT_RETURN_TYPE = YES_ERROR;
				GCC_WARN_UNDECLARED_SELECTOR = YES;
				GCC_WARN_UNINITIALIZED_AUTOS = YES_AGGRESSIVE;
				GCC_WARN_UNUSED_FUNCTION = YES;
				GCC_WARN_UNUSED_VARIABLE = YES;
				IPHONEOS_DEPLOYMENT_TARGET = 17.2;
				LOCALIZATION_PREFERS_STRING_CATALOGS = YES;
				MTL_ENABLE_DEBUG_INFO = NO;
				MTL_FAST_MATH = YES;
				SDKROOT = iphoneos;
				SWIFT_COMPILATION_MODE = wholemodule;
				VALIDATE_PRODUCT = YES;
			};
			name = Release;
		};
		04F4B44D2F7BE33900B17812 /* Debug */ = {
			isa = XCBuildConfiguration;
			buildSettings = {
				ASSETCATALOG_COMPILER_APPICON_NAME = AppIcon;
				ASSETCATALOG_COMPILER_GLOBAL_ACCENT_COLOR_NAME = AccentColor;
				CODE_SIGN_ENTITLEMENTS = bbb/bbbDebug.entitlements;
				CODE_SIGN_IDENTITY = "Apple Development";
				CODE_SIGN_STYLE = Automatic;
				CURRENT_PROJECT_VERSION = 1;
				DEVELOPMENT_ASSET_PATHS = "\"bbb/Preview Content\"";
				DEVELOPMENT_TEAM = MWZPAMZZHQ;
				ENABLE_PREVIEWS = YES;
				GENERATE_INFOPLIST_FILE = YES;
				INFOPLIST_FILE = bbb/Info.plist;
				INFOPLIST_KEY_CFBundleDisplayName = Akarsu;
				INFOPLIST_KEY_NSPhotoLibraryAddUsageDescription = "将生成的图片或视频保存到您的相册。";
				INFOPLIST_KEY_NSPhotoLibraryUsageDescription = "用于从相册选择人像照片以进行模板生成。";
				INFOPLIST_KEY_UIApplicationSceneManifest_Generation = YES;
				INFOPLIST_KEY_UIApplicationSupportsIndirectInputEvents = YES;
				INFOPLIST_KEY_UIBackgroundModes = "remote-notification";
				INFOPLIST_KEY_UILaunchStoryboardName = LaunchScreen;
				INFOPLIST_KEY_UISupportedInterfaceOrientations = UIInterfaceOrientationPortrait;
				IPHONEOS_DEPLOYMENT_TARGET = 15.0;
				LD_RUNPATH_SEARCH_PATHS = (
					"$(inherited)",
					"@executable_path/Frameworks",
				);
				MARKETING_VERSION = 1.1;
				PRODUCT_BUNDLE_IDENTIFIER = com.Akarsu.net;
				PRODUCT_NAME = "$(TARGET_NAME)";
				PROVISIONING_PROFILE_SPECIFIER = "";
				SUPPORTED_PLATFORMS = "iphoneos iphonesimulator";
				SUPPORTS_MACCATALYST = NO;
				SUPPORTS_MAC_DESIGNED_FOR_IPHONE_IPAD = NO;
				SUPPORTS_XR_DESIGNED_FOR_IPHONE_IPAD = NO;
				SWIFT_EMIT_LOC_STRINGS = YES;
				SWIFT_VERSION = 5.0;
				TARGETED_DEVICE_FAMILY = 1;
			};
			name = Debug;
		};
		04F4B44E2F7BE33900B17812 /* Release */ = {
			isa = XCBuildConfiguration;
			buildSettings = {
				ASSETCATALOG_COMPILER_APPICON_NAME = AppIcon;
				ASSETCATALOG_COMPILER_GLOBAL_ACCENT_COLOR_NAME = AccentColor;
				CODE_SIGN_ENTITLEMENTS = bbb/bbbRelease.entitlements;
				CODE_SIGN_IDENTITY = "Apple Development";
				CODE_SIGN_STYLE = Automatic;
				CURRENT_PROJECT_VERSION = 1;
				DEVELOPMENT_ASSET_PATHS = "\"bbb/Preview Content\"";
				DEVELOPMENT_TEAM = MWZPAMZZHQ;
				ENABLE_PREVIEWS = YES;
				GENERATE_INFOPLIST_FILE = YES;
				INFOPLIST_FILE = bbb/Info.plist;
				INFOPLIST_KEY_CFBundleDisplayName = Akarsu;
				INFOPLIST_KEY_NSPhotoLibraryAddUsageDescription = "将生成的图片或视频保存到您的相册。";
				INFOPLIST_KEY_NSPhotoLibraryUsageDescription = "用于从相册选择人像照片以进行模板生成。";
				INFOPLIST_KEY_UIApplicationSceneManifest_Generation = YES;
				INFOPLIST_KEY_UIApplicationSupportsIndirectInputEvents = YES;
				INFOPLIST_KEY_UIBackgroundModes = "remote-notification";
				INFOPLIST_KEY_UILaunchStoryboardName = LaunchScreen;
				INFOPLIST_KEY_UISupportedInterfaceOrientations = UIInterfaceOrientationPortrait;
				IPHONEOS_DEPLOYMENT_TARGET = 15.0;
				LD_RUNPATH_SEARCH_PATHS = (
					"$(inherited)",
					"@executable_path/Frameworks",
				);
				MARKETING_VERSION = 1.1;
				PRODUCT_BUNDLE_IDENTIFIER = com.Akarsu.net;
				PRODUCT_NAME = "$(TARGET_NAME)";
				PROVISIONING_PROFILE_SPECIFIER = "";
				SUPPORTED_PLATFORMS = "iphoneos iphonesimulator";
				SUPPORTS_MACCATALYST = NO;
				SUPPORTS_MAC_DESIGNED_FOR_IPHONE_IPAD = NO;
				SUPPORTS_XR_DESIGNED_FOR_IPHONE_IPAD = NO;
				SWIFT_EMIT_LOC_STRINGS = YES;
				SWIFT_VERSION = 5.0;
				TARGETED_DEVICE_FAMILY = 1;
			};
			name = Release;
		};
		04F4B4502F7BE33900B17812 /* Debug */ = {
			isa = XCBuildConfiguration;
			buildSettings = {
				ALWAYS_EMBED_SWIFT_STANDARD_LIBRARIES = YES;
				BUNDLE_LOADER = "$(TEST_HOST)";
				CODE_SIGN_STYLE = Automatic;
				CURRENT_PROJECT_VERSION = 1;
				DEVELOPMENT_TEAM = S4MTED3S58;
				GENERATE_INFOPLIST_FILE = YES;
				IPHONEOS_DEPLOYMENT_TARGET = 17.2;
				MARKETING_VERSION = 1.0;
				PRODUCT_BUNDLE_IDENTIFIER = li.bbbTests;
				PRODUCT_NAME = "$(TARGET_NAME)";
				SWIFT_EMIT_LOC_STRINGS = NO;
				SWIFT_VERSION = 5.0;
				TARGETED_DEVICE_FAMILY = "1,2";
				TEST_HOST = "$(BUILT_PRODUCTS_DIR)/bbb.app/$(BUNDLE_EXECUTABLE_FOLDER_PATH)/bbb";
			};
			name = Debug;
		};
		04F4B4512F7BE33900B17812 /* Release */ = {
			isa = XCBuildConfiguration;
			buildSettings = {
				ALWAYS_EMBED_SWIFT_STANDARD_LIBRARIES = YES;
				BUNDLE_LOADER = "$(TEST_HOST)";
				CODE_SIGN_STYLE = Automatic;
				CURRENT_PROJECT_VERSION = 1;
				DEVELOPMENT_TEAM = S4MTED3S58;
				GENERATE_INFOPLIST_FILE = YES;
				IPHONEOS_DEPLOYMENT_TARGET = 17.2;
				MARKETING_VERSION = 1.0;
				PRODUCT_BUNDLE_IDENTIFIER = li.bbbTests;
				PRODUCT_NAME = "$(TARGET_NAME)";
				SWIFT_EMIT_LOC_STRINGS = NO;
				SWIFT_VERSION = 5.0;
				TARGETED_DEVICE_FAMILY = "1,2";
				TEST_HOST = "$(BUILT_PRODUCTS_DIR)/bbb.app/$(BUNDLE_EXECUTABLE_FOLDER_PATH)/bbb";
			};
			name = Release;
		};
		04F4B4532F7BE33900B17812 /* Debug */ = {
			isa = XCBuildConfiguration;
			buildSettings = {
				ALWAYS_EMBED_SWIFT_STANDARD_LIBRARIES = YES;
				CODE_SIGN_STYLE = Automatic;
				CURRENT_PROJECT_VERSION = 1;
				DEVELOPMENT_TEAM = S4MTED3S58;
				GENERATE_INFOPLIST_FILE = YES;
				MARKETING_VERSION = 1.0;
				PRODUCT_BUNDLE_IDENTIFIER = li.bbbUITests;
				PRODUCT_NAME = "$(TARGET_NAME)";
				SWIFT_EMIT_LOC_STRINGS = NO;
				SWIFT_VERSION = 5.0;
				TARGETED_DEVICE_FAMILY = "1,2";
				TEST_TARGET_NAME = bbb;
			};
			name = Debug;
		};
		04F4B4542F7BE33900B17812 /* Release */ = {
			isa = XCBuildConfiguration;
			buildSettings = {
				ALWAYS_EMBED_SWIFT_STANDARD_LIBRARIES = YES;
				CODE_SIGN_STYLE = Automatic;
				CURRENT_PROJECT_VERSION = 1;
				DEVELOPMENT_TEAM = S4MTED3S58;
				GENERATE_INFOPLIST_FILE = YES;
				MARKETING_VERSION = 1.0;
				PRODUCT_BUNDLE_IDENTIFIER = li.bbbUITests;
				PRODUCT_NAME = "$(TARGET_NAME)";
				SWIFT_EMIT_LOC_STRINGS = NO;
				SWIFT_VERSION = 5.0;
				TARGETED_DEVICE_FAMILY = "1,2";
				TEST_TARGET_NAME = bbb;
			};
			name = Release;
		};
/* End XCBuildConfiguration section */

/* Begin XCConfigurationList section */
		04F4B4232F7BE33200B17812 /* Build configuration list for PBXProject "bbb" */ = {
			isa = XCConfigurationList;
			buildConfigurations = (
				04F4B44A2F7BE33900B17812 /* Debug */,
				04F4B44B2F7BE33900B17812 /* Release */,
			);
			defaultConfigurationIsVisible = 0;
			defaultConfigurationName = Release;
		};
		04F4B44C2F7BE33900B17812 /* Build configuration list for PBXNativeTarget "bbb" */ = {
			isa = XCConfigurationList;
			buildConfigurations = (
				04F4B44D2F7BE33900B17812 /* Debug */,
				04F4B44E2F7BE33900B17812 /* Release */,
			);
			defaultConfigurationIsVisible = 0;
			defaultConfigurationName = Release;
		};
		04F4B44F2F7BE33900B17812 /* Build configuration list for PBXNativeTarget "bbbTests" */ = {
			isa = XCConfigurationList;
			buildConfigurations = (
				04F4B4502F7BE33900B17812 /* Debug */,
				04F4B4512F7BE33900B17812 /* Release */,
			);
			defaultConfigurationIsVisible = 0;
			defaultConfigurationName = Release;
		};
		04F4B4522F7BE33900B17812 /* Build configuration list for PBXNativeTarget "bbbUITests" */ = {
			isa = XCConfigurationList;
			buildConfigurations = (
				04F4B4532F7BE33900B17812 /* Debug */,
				04F4B4542F7BE33900B17812 /* Release */,
			);
			defaultConfigurationIsVisible = 0;
			defaultConfigurationName = Release;
		};
/* End XCConfigurationList section */
	};
	rootObject = 04F4B4202F7BE33200B17812 /* Project object */;
}
